
Microsoft Visual Studio Solution File, Format Version 11.00
# Visual Studio 2010
Project("{FAE04EC0-301F-11D3-BF4B-00C04F79EFBC}") = "ReactiveExtensionsAndroidSample", "ReactiveExtensionsAndroidSample\ReactiveExtensionsAndroidSample.csproj", "{8665BA67-BFA1-43DA-BDFA-838C83858499}"
EndProject
Global
	GlobalSection(SolutionConfigurationPlatforms) = preSolution
		Debug|Any CPU = Debug|Any CPU
		Release|Any CPU = Release|Any CPU
	EndGlobalSection
	GlobalSection(ProjectConfigurationPlatforms) = postSolution
		{8665BA67-BFA1-43DA-BDFA-838C83858499}.Debug|Any CPU.ActiveCfg = Debug|Any CPU
		{8665BA67-BFA1-43DA-BDFA-838C83858499}.Debug|Any CPU.Build.0 = Debug|Any CPU
		{8665BA67-BFA1-43DA-BDFA-838C83858499}.Release|Any CPU.ActiveCfg = Release|Any CPU
		{8665BA67-BFA1-43DA-BDFA-838C83858499}.Release|Any CPU.Build.0 = Release|Any CPU
	EndGlobalSection
	GlobalSection(MonoDevelopProperties) = preSolution
		StartupItem = ReactiveExtensionsAndroidSample\ReactiveExtensionsAndroidSample.csproj
	EndGlobalSection
EndGlobal
