
Microsoft Visual Studio Solution File, Format Version 12.00
# Visual Studio Version 16
VisualStudioVersion = 16.0.29728.190
MinimumVisualStudioVersion = 10.0.40219.1
Project("{9A19103F-16F7-4668-BE54-9A1E7A4F7556}") = "Appendix.A", "Appendix.A\Appendix.A.csproj", "{C4029B5C-D490-49CE-B704-983D8194FD43}"
EndProject
Project("{6EC3EE1D-3C4E-46DD-8F32-0CC8E7565705}") = "Appendix.B", "Appendix.B\Appendix.B.fsproj", "{D2208758-A0F2-4FBE-9980-4918D45F10A8}"
EndProject
Project("{6EC3EE1D-3C4E-46DD-8F32-0CC8E7565705}") = "Appendix.C", "Appendix.C\Appendix.C.fsproj", "{94F3B500-DFE4-4144-886C-F2D960189488}"
EndProject
Project("{2150E333-8FDC-42A3-9474-1A3956D46DE8}") = "Chapter.01", "Chapter.01", "{F8F63766-2FE7-407F-B5E4-E5A1479C9B29}"
EndProject
Project("{6EC3EE1D-3C4E-46DD-8F32-0CC8E7565705}") = "QuickSort.FSharp", "Chapter.01\QuickSort.FSharp\QuickSort.FSharp.fsproj", "{14228FED-FD75-475E-8BC9-36DBCA69811E}"
EndProject
Project("{6EC3EE1D-3C4E-46DD-8F32-0CC8E7565705}") = "BenchmarkUtils", "Common\BenchmarkUtils\BenchmarkUtils.fsproj", "{249EE0C8-E81B-45AA-9A39-64534F70EF75}"
EndProject
Project("{9A19103F-16F7-4668-BE54-9A1E7A4F7556}") = "QuickSort.CSharp", "Chapter.01\QuickSort.CSharp\QuickSort.CSharp.csproj", "{CE1CBDA5-1D94-4565-AF3E-2D7DF75A89C8}"
EndProject
Project("{2150E333-8FDC-42A3-9474-1A3956D46DE8}") = "Chapter.02", "Chapter.02", "{9B3507AA-13A9-4D78-9EE7-0E18C33AEAFD}"
EndProject
Project("{9A19103F-16F7-4668-BE54-9A1E7A4F7556}") = "FunctionalTechniques.CSharp", "Chapter.02\FunctionalTechniques.CSharp\FunctionalTechniques.CSharp.csproj", "{A16E4D69-4F5F-433B-AB8E-2DB21F3A665E}"
EndProject
Project("{6EC3EE1D-3C4E-46DD-8F32-0CC8E7565705}") = "FunctionalTechniques.FSharp", "Chapter.02\FunctionalTechniques.FSharp\FunctionalTechniques.FSharp.fsproj", "{8B37332C-E14C-4F13-B703-F1324BDAB3E6}"
EndProject
Project("{2150E333-8FDC-42A3-9474-1A3956D46DE8}") = "Common", "Common", "{47D1D586-B005-4CE7-9D30-42D2E5CCC2EB}"
EndProject
Project("{9A19103F-16F7-4668-BE54-9A1E7A4F7556}") = "Functional.CSharp", "Common\Functional.CSharp\Functional.CSharp.csproj", "{0A0FD4B0-1E71-46DE-89E6-96F15F9151C0}"
EndProject
Project("{6EC3EE1D-3C4E-46DD-8F32-0CC8E7565705}") = "Functional.FSharp", "Common\Functional.FSharp\Functional.FSharp.fsproj", "{12218E47-5F15-4B7C-9555-5E494D33262F}"
EndProject
Project("{6EC3EE1D-3C4E-46DD-8F32-0CC8E7565705}") = "Utilities", "Common\Utilities\Utilities.fsproj", "{07B54972-7287-44D3-AE51-72537529293C}"
EndProject
Project("{2150E333-8FDC-42A3-9474-1A3956D46DE8}") = "Chapter.03", "Chapter.03", "{659733BE-6E06-42A4-BB0A-BE9DB129777F}"
EndProject
Project("{6EC3EE1D-3C4E-46DD-8F32-0CC8E7565705}") = "DataStructures.FSharp", "Chapter.03\DataStructures.FSharp\DataStructures.FSharp.fsproj", "{B503A38E-4C39-4845-B6BD-7091F5A39876}"
EndProject
Project("{9A19103F-16F7-4668-BE54-9A1E7A4F7556}") = "DataStructures.CSharp", "Chapter.03\DataStructures.CSharp\DataStructures.CSharp.csproj", "{DD8B41B8-C9BA-497D-A658-46F4D93A7F4D}"
EndProject
Project("{2150E333-8FDC-42A3-9474-1A3956D46DE8}") = "Chapter.04", "Chapter.04", "{E9BFE959-EACF-4DDD-B376-EF8CFB877EB5}"
EndProject
Project("{9A19103F-16F7-4668-BE54-9A1E7A4F7556}") = "DataParallelism.Part1.CSharp", "Chapter.04\DataParallelism.Part1.CSharp\DataParallelism.Part1.CSharp.csproj", "{350CAAD0-FE4B-4F7D-B63F-087EE744C411}"
EndProject
Project("{6EC3EE1D-3C4E-46DD-8F32-0CC8E7565705}") = "DataParallelism.Part1.FSharp", "Chapter.04\DataParallelism.Part1.FSharp\DataParallelism.Part1.FSharp.fsproj", "{69A0645F-9249-4895-8AA5-64C74CD7DE92}"
EndProject
Project("{2150E333-8FDC-42A3-9474-1A3956D46DE8}") = "Chapter.05", "Chapter.05", "{B88DBA92-4647-43EF-86DA-CEC4AC176416}"
EndProject
Project("{9A19103F-16F7-4668-BE54-9A1E7A4F7556}") = "DataParallelism.Part2.CSharp", "Chapter.05\DataParallelism.Part2.CSharp\DataParallelism.Part2.CSharp.csproj", "{76AACDFD-CEAD-48FD-B254-8B8C8FE167B6}"
EndProject
Project("{6EC3EE1D-3C4E-46DD-8F32-0CC8E7565705}") = "DataParallelism.Part2.FSharp", "Chapter.05\DataParallelism.Part2.FSharp\DataParallelism.Part2.FSharp.fsproj", "{2D4EBED9-EF82-42B9-886D-6EB118B71C5C}"
EndProject
Project("{2150E333-8FDC-42A3-9474-1A3956D46DE8}") = "Chapter.06", "Chapter.06", "{DD52DBC7-C583-4B3A-AC56-A29F1E4A21B4}"
EndProject
Project("{6EC3EE1D-3C4E-46DD-8F32-0CC8E7565705}") = "KeyPressedEventCombinators.FSharp", "Chapter.06\KeyPressedEventCombinators.FSharp\KeyPressedEventCombinators.FSharp.fsproj", "{E2459BFB-1D4F-4049-85B7-4CA7E4E5C244}"
EndProject
Project("{9A19103F-16F7-4668-BE54-9A1E7A4F7556}") = "KeyPressedEventCombinators.CSharp", "Chapter.06\KeyPressedEventCombinators.CSharp\KeyPressedEventCombinators.CSharp.csproj", "{5C9F72D1-D073-4DA0-9A31-7A9078C1D109}"
EndProject
Project("{9A19103F-16F7-4668-BE54-9A1E7A4F7556}") = "TwitterEmotionAnalysis.CSharp", "Chapter.06\TwitterEmotionAnalysis.CSharp\TwitterEmotionAnalysis.CSharp.csproj", "{7F095485-D5BD-488B-AF5E-952FC548A911}"
EndProject
Project("{6EC3EE1D-3C4E-46DD-8F32-0CC8E7565705}") = "TwitterEmotionAnalysis.FSharp", "Chapter.06\TwitterEmotionAnalysis.FSharp\TwitterEmotionAnalysis.FSharp.fsproj", "{58879034-3872-421E-B712-336AB5CE7A9E}"
EndProject
Project("{9A19103F-16F7-4668-BE54-9A1E7A4F7556}") = "TwitterDataProducer", "Chapter.06\TwitterDataProducer\TwitterDataProducer.csproj", "{78B5CB3E-8225-4FB4-8E49-EB6CDD778B7E}"
EndProject
Project("{2150E333-8FDC-42A3-9474-1A3956D46DE8}") = "Chapter.07", "Chapter.07", "{39B5F0AA-4459-421B-A80F-0AF36A6D300E}"
EndProject
Project("{6EC3EE1D-3C4E-46DD-8F32-0CC8E7565705}") = "ImageProcessing", "Chapter.07\ImageProcessing\ImageProcessing.fsproj", "{49AFE140-93BB-45EF-B2F4-5E3A193AB245}"
EndProject
Project("{9A19103F-16F7-4668-BE54-9A1E7A4F7556}") = "Pipeline.CSharp", "Chapter.07\Pipeline.CSharp\Pipeline.CSharp.csproj", "{91E9DE2B-CE67-4329-8F1D-AAF34F71DFEB}"
EndProject
Project("{6EC3EE1D-3C4E-46DD-8F32-0CC8E7565705}") = "Pipeline.FSharp", "Chapter.07\Pipeline.FSharp\Pipeline.FSharp.fsproj", "{CC4762C9-A29E-4F2A-B85B-AFA17ED42095}"
EndProject
Project("{9A19103F-16F7-4668-BE54-9A1E7A4F7556}") = "FaceDetection", "Chapter.07\FaceDetection\FaceDetection.csproj", "{9F44BE9E-A952-4C2D-BDE5-C212822C4DB4}"
EndProject
Project("{2150E333-8FDC-42A3-9474-1A3956D46DE8}") = "Chapter.08", "Chapter.08", "{D71EA616-C358-4820-BF76-1C11FF591128}"
EndProject
Project("{9A19103F-16F7-4668-BE54-9A1E7A4F7556}") = "Asynchronous.CSharp", "Chapter.08\Asynchronous.CSharp\Asynchronous.CSharp.csproj", "{FC751547-6A9D-41F3-8F38-DC477BBC0940}"
EndProject
Project("{6EC3EE1D-3C4E-46DD-8F32-0CC8E7565705}") = "Asynchronous.FSharp", "Chapter.08\Asynchronous.FSharp\Asynchronous.FSharp.fsproj", "{54CF6955-9CFC-4E80-B2B0-83E31ABA86CF}"
EndProject
Project("{6EC3EE1D-3C4E-46DD-8F32-0CC8E7565705}") = "StockAnalyzer.FSharp", "Chapter.08\StockAnalyzer.FSharp\StockAnalyzer.FSharp.fsproj", "{C48DAE58-ED89-49EA-AC85-7E4D7FB567A0}"
EndProject
Project("{9A19103F-16F7-4668-BE54-9A1E7A4F7556}") = "StockAnalyzer.CSharp", "Chapter.08\StockAnalyzer.CSharp\StockAnalyzer.CSharp.csproj", "{5B69979E-37E2-4B91-930D-C0C04385D9CB}"
EndProject
Project("{2150E333-8FDC-42A3-9474-1A3956D46DE8}") = "Chapter.09", "Chapter.09", "{4B8E187B-27DF-4B58-9E93-BE36E514B02C}"
EndProject
Project("{9A19103F-16F7-4668-BE54-9A1E7A4F7556}") = "AsyncBlobCloud.CSharp", "Chapter.09\AsyncBlobCloud.CSharp\AsyncBlobCloud.CSharp.csproj", "{DDAE656B-1CEB-4361-910A-4002A961DAC9}"
EndProject
Project("{6EC3EE1D-3C4E-46DD-8F32-0CC8E7565705}") = "AsyncBlobCloud.FSharp", "Chapter.09\AsyncBlobCloud.FSharp\AsyncBlobCloud.FSharp.fsproj", "{C1ECBCC7-613A-42A9-9C1E-F39B57DECCDA}"
EndProject
Project("{2150E333-8FDC-42A3-9474-1A3956D46DE8}") = "Chapter.10", "Chapter.10", "{95588C31-0796-4D3A-AFC0-5972D7BC5650}"
EndProject
Project("{9A19103F-16F7-4668-BE54-9A1E7A4F7556}") = "Combinators.CSharp", "Chapter.10\Combinators.CSharp\Combinators.CSharp.csproj", "{A766A6C3-8539-4588-9DE4-C307CEB6D56B}"
EndProject
Project("{6EC3EE1D-3C4E-46DD-8F32-0CC8E7565705}") = "Combinators.FSharp", "Chapter.10\Combinators.FSharp\Combinators.FSharp.fsproj", "{15B917F8-F0D4-4A96-A8D8-178D87B5F94C}"
EndProject
Project("{2150E333-8FDC-42A3-9474-1A3956D46DE8}") = "Chapter.12", "Chapter.12", "{3694F7D6-1B1E-4856-97C1-6EF60277DD5B}"
EndProject
Project("{9A19103F-16F7-4668-BE54-9A1E7A4F7556}") = "ReactiveAgent.CSharp", "Chapter.12\ReactiveAgent.CSharp\ReactiveAgent.CSharp.csproj", "{BAAD0036-B31B-4E5B-9B58-36BB9203EC37}"
EndProject
Project("{9A19103F-16F7-4668-BE54-9A1E7A4F7556}") = "ParallelCompressionDataFlowAgent", "Chapter.12\ParallelCompressionDataFlowAgent\ParallelCompressionDataFlowAgent.csproj", "{408AEFDD-44EC-4D16-A916-088926364FB3}"
EndProject
Project("{2150E333-8FDC-42A3-9474-1A3956D46DE8}") = "Chapter.13", "Chapter.13", "{E6C0D48F-2AED-4996-9B40-588929460B34}"
EndProject
Project("{2150E333-8FDC-42A3-9474-1A3956D46DE8}") = "AgentMultipleReadsOneWriteGate", "AgentMultipleReadsOneWriteGate", "{87731169-E6AA-421F-A244-782C0EC58D83}"
EndProject
Project("{6EC3EE1D-3C4E-46DD-8F32-0CC8E7565705}") = "AgentParallelReadOneWrite", "Chapter.13\AgentParallelReadOneWrite\AgentParallelReadOneWrite.fsproj", "{8C320576-4CC1-4970-A2CE-8B0D310AD417}"
EndProject
Project("{2150E333-8FDC-42A3-9474-1A3956D46DE8}") = "AsyncObjectPool", "AsyncObjectPool", "{6C1101B9-34CD-43EB-9325-00805941CDA8}"
EndProject
Project("{9A19103F-16F7-4668-BE54-9A1E7A4F7556}") = "DataflowObjectPoolEncryption", "Chapter.13\AsyncObjectPool\DataflowObjectPoolEncryption\DataflowObjectPoolEncryption.csproj", "{C89D2244-9935-41CD-A2CA-5E24A2074BC5}"
EndProject
Project("{6EC3EE1D-3C4E-46DD-8F32-0CC8E7565705}") = "AsyncObjectPool", "Chapter.13\AsyncObjectPool\AsyncObjectPool\AsyncObjectPool.fsproj", "{93F5B86B-E624-4087-9D74-71A268EBF0F6}"
EndProject
Project("{2150E333-8FDC-42A3-9474-1A3956D46DE8}") = "Channels", "Channels", "{30CBE543-626B-4F3E-B429-482A10214193}"
EndProject
Project("{6EC3EE1D-3C4E-46DD-8F32-0CC8E7565705}") = "AgentChannel", "Chapter.13\Channels\AgentChannel\AgentChannel.fsproj", "{9488C925-24E5-4617-B1E2-2F03C83E2052}"
EndProject
Project("{9A19103F-16F7-4668-BE54-9A1E7A4F7556}") = "DataflowChannel", "Chapter.13\Channels\DataflowChannel\DataflowChannel.csproj", "{43126821-4751-489B-8303-BBBE7E8F65F1}"
EndProject
Project("{2150E333-8FDC-42A3-9474-1A3956D46DE8}") = "EventAggregator", "EventAggregator", "{C456AEC9-2211-4DDF-A90C-7A5C651DDF96}"
EndProject
Project("{9A19103F-16F7-4668-BE54-9A1E7A4F7556}") = "EventAggregator.CSharp", "Chapter.13\EventAggregator\EventAggregator.CSharp\EventAggregator.CSharp.csproj", "{BF378142-0B69-46AC-A028-502C2E74F540}"
EndProject
Project("{6EC3EE1D-3C4E-46DD-8F32-0CC8E7565705}") = "EventAggregator.FSharp", "Chapter.13\EventAggregator\EventAggregator.FSharp\EventAggregator.FSharp.fsproj", "{4EBF46CD-47B7-44C0-9F5E-C1917F75C907}"
EndProject
Project("{2150E333-8FDC-42A3-9474-1A3956D46DE8}") = "ForkJoin", "ForkJoin", "{3E916133-E574-4BC5-9DD4-9FD25FCDBB8E}"
EndProject
Project("{9A19103F-16F7-4668-BE54-9A1E7A4F7556}") = "ForkJoinParallel", "Chapter.13\ForkJoin\ForkJoinParallel\ForkJoinParallel.csproj", "{34AF9E90-7B1D-400E-B400-9BA9183FDD36}"
EndProject
Project("{2150E333-8FDC-42A3-9474-1A3956D46DE8}") = "GraphTasks", "GraphTasks", "{8BE309D2-7A52-4690-A782-D2FD090138D8}"
EndProject
Project("{6EC3EE1D-3C4E-46DD-8F32-0CC8E7565705}") = "GraphTasks.FSharp", "Chapter.13\GraphTasks\GraphTasks.FSharp\GraphTasks.FSharp.fsproj", "{46077360-B797-44A3-9E68-6C415BE4FFF9}"
EndProject
Project("{9A19103F-16F7-4668-BE54-9A1E7A4F7556}") = "GraphTasks.CSharp", "Chapter.13\GraphTasks\GraphTasks.CSharp\GraphTasks.CSharp.csproj", "{C4C7BE4F-CEEF-4CB6-9F44-867E03EF6217}"
EndProject
Project("{2150E333-8FDC-42A3-9474-1A3956D46DE8}") = "ParallelFilterMap", "ParallelFilterMap", "{B5C23ECB-EED5-44F2-9C9F-E17B6BFCFE98}"
EndProject
Project("{9A19103F-16F7-4668-BE54-9A1E7A4F7556}") = "ParallelFilterMap", "Chapter.13\ParallelFilterMap\ParallelFilterMap\ParallelFilterMap.csproj", "{0B8CAD58-EAFE-4764-AA83-D4C8940D8989}"
EndProject
Project("{2150E333-8FDC-42A3-9474-1A3956D46DE8}") = "ThreadSafeRandom", "ThreadSafeRandom", "{D6A32E0A-8628-45EC-B329-591819BE9194}"
EndProject
Project("{9A19103F-16F7-4668-BE54-9A1E7A4F7556}") = "ThreadSafeRandom", "Chapter.13\ThreadSafeRandom\ThreadSafeRandom\ThreadSafeRandom.csproj", "{150D8C9E-1461-4F74-A37D-C3EAB30B609F}"
EndProject
Project("{2150E333-8FDC-42A3-9474-1A3956D46DE8}") = "TamingAndComposingAsyncOps", "TamingAndComposingAsyncOps", "{3DBB1B64-08B0-4CD4-AC0D-7DA9C8A716B3}"
EndProject
Project("{6EC3EE1D-3C4E-46DD-8F32-0CC8E7565705}") = "TamingAgent", "Chapter.13\TamingAndComposingAsyncOps\TamingAgent\TamingAgent.fsproj", "{78C2D515-17B8-4404-9B27-75898598EA6E}"
EndProject
Project("{2150E333-8FDC-42A3-9474-1A3956D46DE8}") = "RxCustomScheduler", "RxCustomScheduler", "{8C5EB1C7-E8F3-4C96-9D55-402FD09706F8}"
EndProject
Project("{6EC3EE1D-3C4E-46DD-8F32-0CC8E7565705}") = "RxScheduler", "Chapter.13\RxCustomScheduler\RxScheduler\RxScheduler.fsproj", "{0043FC05-DF4D-47DA-AA1D-3335CA17C05F}"
EndProject
Project("{2150E333-8FDC-42A3-9474-1A3956D46DE8}") = "ReactiveNetworkStream", "ReactiveNetworkStream", "{3559E2E9-74E1-4FFC-A241-DAA43230D41D}"
EndProject
Project("{9A19103F-16F7-4668-BE54-9A1E7A4F7556}") = "Client", "Chapter.13\ReactiveNetworkStream\Client\Client.csproj", "{06B8EAF5-BD11-4FC7-AAB3-11695421495B}"
EndProject
Project("{9A19103F-16F7-4668-BE54-9A1E7A4F7556}") = "Server", "Chapter.13\ReactiveNetworkStream\Server\Server.csproj", "{4BADA3D0-36B6-4806-94BA-A401D59D9BD5}"
EndProject
Project("{9A19103F-16F7-4668-BE54-9A1E7A4F7556}") = "Common", "Chapter.13\ReactiveNetworkStream\Common\Common.csproj", "{B5B487A5-8CF8-4863-92EC-4D05DF65E9EC}"
EndProject
Project("{2150E333-8FDC-42A3-9474-1A3956D46DE8}") = "Chapter.11", "Chapter.11", "{96EBBC18-D185-4E4B-AF4A-D412B5C885E6}"
EndProject
Project("{6EC3EE1D-3C4E-46DD-8F32-0CC8E7565705}") = "ReactiveAgent.FSharp", "Chapter.11\ReactiveAgent.FSharp\ReactiveAgent.FSharp.fsproj", "{9149CA61-D77D-4E65-90AA-9A8AF03D9E43}"
EndProject
Project("{6EC3EE1D-3C4E-46DD-8F32-0CC8E7565705}") = "GameOfLife", "Chapter.11\GameOfLife\GameOfLife.fsproj", "{D24FE96D-E7AB-4213-A684-769D01B8A183}"
EndProject
Project("{2150E333-8FDC-42A3-9474-1A3956D46DE8}") = "Chapter.14", "Chapter.14", "{D774B1DE-2456-4631-8FE2-3EA29933B258}"
EndProject
Project("{6EC3EE1D-3C4E-46DD-8F32-0CC8E7565705}") = "StockTicker.Core", "Chapter.14\StockTicker.Core\StockTicker.Core.fsproj", "{5B20200F-02FE-4DA6-BB2F-27D79FE3D474}"
EndProject
Project("{9A19103F-16F7-4668-BE54-9A1E7A4F7556}") = "StockTicker.Server.CSharp", "Chapter.14\StockTicker.Server.CSharp\StockTicker.Server.CSharp.csproj", "{947232D3-CAF2-4819-A8EE-823A09C30337}"
EndProject
Project("{6EC3EE1D-3C4E-46DD-8F32-0CC8E7565705}") = "StockTicker.Server.FSharp", "Chapter.14\StockTicker.Server.FSharp\StockTicker.Server.FSharp.fsproj", "{F5D5E22C-AC40-4E4A-B132-5D299F417707}"
EndProject
Project("{2150E333-8FDC-42A3-9474-1A3956D46DE8}") = "Data", "Data", "{7B1911F2-0FA7-4654-B069-670891FD8E30}"
EndProject
Project("{2150E333-8FDC-42A3-9474-1A3956D46DE8}") = "Tickers", "Tickers", "{3DB8E8D6-69DC-47B1-B7F7-9BD1E3785324}"
	ProjectSection(SolutionItems) = preProject
		Common\Data\Tickers\aapl.csv = Common\Data\Tickers\aapl.csv
		Common\Data\Tickers\amzn.csv = Common\Data\Tickers\amzn.csv
		Common\Data\Tickers\fb.csv = Common\Data\Tickers\fb.csv
		Common\Data\Tickers\goog.csv = Common\Data\Tickers\goog.csv
		Common\Data\Tickers\msft.csv = Common\Data\Tickers\msft.csv
	EndProjectSection
EndProject
Project("{2150E333-8FDC-42A3-9474-1A3956D46DE8}") = "Images", "Images", "{210CC8B4-428D-4C3D-9FC8-D5467364FA95}"
	ProjectSection(SolutionItems) = preProject
		Common\Data\Images\GinevraBenci.jpg = Common\Data\Images\GinevraBenci.jpg
		Common\Data\Images\LadyErmine.jpg = Common\Data\Images\LadyErmine.jpg
		Common\Data\Images\MonaLisa.jpg = Common\Data\Images\MonaLisa.jpg
	EndProjectSection
EndProject
Project("{2150E333-8FDC-42A3-9474-1A3956D46DE8}") = "Faces", "Faces", "{9436D823-F932-4CD5-918C-17DC30BDB9A0}"
	ProjectSection(SolutionItems) = preProject
		Common\Data\Faces\020.jpg = Common\Data\Faces\020.jpg
		Common\Data\Faces\050.jpg = Common\Data\Faces\050.jpg
		Common\Data\Faces\100.jpg = Common\Data\Faces\100.jpg
	EndProjectSection
EndProject
Global
	GlobalSection(SolutionConfigurationPlatforms) = preSolution
		Debug|Any CPU = Debug|Any CPU
		Debug|x64 = Debug|x64
		Release|Any CPU = Release|Any CPU
		Release|x64 = Release|x64
	EndGlobalSection
	GlobalSection(ProjectConfigurationPlatforms) = postSolution
		{C4029B5C-D490-49CE-B704-983D8194FD43}.Debug|Any CPU.ActiveCfg = Debug|Any CPU
		{C4029B5C-D490-49CE-B704-983D8194FD43}.Debug|Any CPU.Build.0 = Debug|Any CPU
		{C4029B5C-D490-49CE-B704-983D8194FD43}.Debug|x64.ActiveCfg = Debug|Any CPU
		{C4029B5C-D490-49CE-B704-983D8194FD43}.Debug|x64.Build.0 = Debug|Any CPU
		{C4029B5C-D490-49CE-B704-983D8194FD43}.Release|Any CPU.ActiveCfg = Release|Any CPU
		{C4029B5C-D490-49CE-B704-983D8194FD43}.Release|Any CPU.Build.0 = Release|Any CPU
		{C4029B5C-D490-49CE-B704-983D8194FD43}.Release|x64.ActiveCfg = Release|Any CPU
		{C4029B5C-D490-49CE-B704-983D8194FD43}.Release|x64.Build.0 = Release|Any CPU
		{D2208758-A0F2-4FBE-9980-4918D45F10A8}.Debug|Any CPU.ActiveCfg = Debug|Any CPU
		{D2208758-A0F2-4FBE-9980-4918D45F10A8}.Debug|Any CPU.Build.0 = Debug|Any CPU
		{D2208758-A0F2-4FBE-9980-4918D45F10A8}.Debug|x64.ActiveCfg = Debug|Any CPU
		{D2208758-A0F2-4FBE-9980-4918D45F10A8}.Debug|x64.Build.0 = Debug|Any CPU
		{D2208758-A0F2-4FBE-9980-4918D45F10A8}.Release|Any CPU.ActiveCfg = Release|Any CPU
		{D2208758-A0F2-4FBE-9980-4918D45F10A8}.Release|Any CPU.Build.0 = Release|Any CPU
		{D2208758-A0F2-4FBE-9980-4918D45F10A8}.Release|x64.ActiveCfg = Release|Any CPU
		{D2208758-A0F2-4FBE-9980-4918D45F10A8}.Release|x64.Build.0 = Release|Any CPU
		{94F3B500-DFE4-4144-886C-F2D960189488}.Debug|Any CPU.ActiveCfg = Debug|Any CPU
		{94F3B500-DFE4-4144-886C-F2D960189488}.Debug|Any CPU.Build.0 = Debug|Any CPU
		{94F3B500-DFE4-4144-886C-F2D960189488}.Debug|x64.ActiveCfg = Debug|Any CPU
		{94F3B500-DFE4-4144-886C-F2D960189488}.Debug|x64.Build.0 = Debug|Any CPU
		{94F3B500-DFE4-4144-886C-F2D960189488}.Release|Any CPU.ActiveCfg = Release|Any CPU
		{94F3B500-DFE4-4144-886C-F2D960189488}.Release|Any CPU.Build.0 = Release|Any CPU
		{94F3B500-DFE4-4144-886C-F2D960189488}.Release|x64.ActiveCfg = Release|Any CPU
		{94F3B500-DFE4-4144-886C-F2D960189488}.Release|x64.Build.0 = Release|Any CPU
		{14228FED-FD75-475E-8BC9-36DBCA69811E}.Debug|Any CPU.ActiveCfg = Debug|Any CPU
		{14228FED-FD75-475E-8BC9-36DBCA69811E}.Debug|Any CPU.Build.0 = Debug|Any CPU
		{14228FED-FD75-475E-8BC9-36DBCA69811E}.Debug|x64.ActiveCfg = Debug|Any CPU
		{14228FED-FD75-475E-8BC9-36DBCA69811E}.Debug|x64.Build.0 = Debug|Any CPU
		{14228FED-FD75-475E-8BC9-36DBCA69811E}.Release|Any CPU.ActiveCfg = Release|Any CPU
		{14228FED-FD75-475E-8BC9-36DBCA69811E}.Release|Any CPU.Build.0 = Release|Any CPU
		{14228FED-FD75-475E-8BC9-36DBCA69811E}.Release|x64.ActiveCfg = Release|Any CPU
		{14228FED-FD75-475E-8BC9-36DBCA69811E}.Release|x64.Build.0 = Release|Any CPU
		{249EE0C8-E81B-45AA-9A39-64534F70EF75}.Debug|Any CPU.ActiveCfg = Debug|Any CPU
		{249EE0C8-E81B-45AA-9A39-64534F70EF75}.Debug|Any CPU.Build.0 = Debug|Any CPU
		{249EE0C8-E81B-45AA-9A39-64534F70EF75}.Debug|x64.ActiveCfg = Debug|Any CPU
		{249EE0C8-E81B-45AA-9A39-64534F70EF75}.Debug|x64.Build.0 = Debug|Any CPU
		{249EE0C8-E81B-45AA-9A39-64534F70EF75}.Release|Any CPU.ActiveCfg = Release|Any CPU
		{249EE0C8-E81B-45AA-9A39-64534F70EF75}.Release|Any CPU.Build.0 = Release|Any CPU
		{249EE0C8-E81B-45AA-9A39-64534F70EF75}.Release|x64.ActiveCfg = Release|Any CPU
		{249EE0C8-E81B-45AA-9A39-64534F70EF75}.Release|x64.Build.0 = Release|Any CPU
		{CE1CBDA5-1D94-4565-AF3E-2D7DF75A89C8}.Debug|Any CPU.ActiveCfg = Debug|Any CPU
		{CE1CBDA5-1D94-4565-AF3E-2D7DF75A89C8}.Debug|Any CPU.Build.0 = Debug|Any CPU
		{CE1CBDA5-1D94-4565-AF3E-2D7DF75A89C8}.Debug|x64.ActiveCfg = Debug|Any CPU
		{CE1CBDA5-1D94-4565-AF3E-2D7DF75A89C8}.Debug|x64.Build.0 = Debug|Any CPU
		{CE1CBDA5-1D94-4565-AF3E-2D7DF75A89C8}.Release|Any CPU.ActiveCfg = Release|Any CPU
		{CE1CBDA5-1D94-4565-AF3E-2D7DF75A89C8}.Release|Any CPU.Build.0 = Release|Any CPU
		{CE1CBDA5-1D94-4565-AF3E-2D7DF75A89C8}.Release|x64.ActiveCfg = Release|Any CPU
		{CE1CBDA5-1D94-4565-AF3E-2D7DF75A89C8}.Release|x64.Build.0 = Release|Any CPU
		{A16E4D69-4F5F-433B-AB8E-2DB21F3A665E}.Debug|Any CPU.ActiveCfg = Debug|Any CPU
		{A16E4D69-4F5F-433B-AB8E-2DB21F3A665E}.Debug|Any CPU.Build.0 = Debug|Any CPU
		{A16E4D69-4F5F-433B-AB8E-2DB21F3A665E}.Debug|x64.ActiveCfg = Debug|Any CPU
		{A16E4D69-4F5F-433B-AB8E-2DB21F3A665E}.Debug|x64.Build.0 = Debug|Any CPU
		{A16E4D69-4F5F-433B-AB8E-2DB21F3A665E}.Release|Any CPU.ActiveCfg = Release|Any CPU
		{A16E4D69-4F5F-433B-AB8E-2DB21F3A665E}.Release|Any CPU.Build.0 = Release|Any CPU
		{A16E4D69-4F5F-433B-AB8E-2DB21F3A665E}.Release|x64.ActiveCfg = Release|Any CPU
		{A16E4D69-4F5F-433B-AB8E-2DB21F3A665E}.Release|x64.Build.0 = Release|Any CPU
		{8B37332C-E14C-4F13-B703-F1324BDAB3E6}.Debug|Any CPU.ActiveCfg = Debug|Any CPU
		{8B37332C-E14C-4F13-B703-F1324BDAB3E6}.Debug|Any CPU.Build.0 = Debug|Any CPU
		{8B37332C-E14C-4F13-B703-F1324BDAB3E6}.Debug|x64.ActiveCfg = Debug|Any CPU
		{8B37332C-E14C-4F13-B703-F1324BDAB3E6}.Debug|x64.Build.0 = Debug|Any CPU
		{8B37332C-E14C-4F13-B703-F1324BDAB3E6}.Release|Any CPU.ActiveCfg = Release|Any CPU
		{8B37332C-E14C-4F13-B703-F1324BDAB3E6}.Release|Any CPU.Build.0 = Release|Any CPU
		{8B37332C-E14C-4F13-B703-F1324BDAB3E6}.Release|x64.ActiveCfg = Release|Any CPU
		{8B37332C-E14C-4F13-B703-F1324BDAB3E6}.Release|x64.Build.0 = Release|Any CPU
		{0A0FD4B0-1E71-46DE-89E6-96F15F9151C0}.Debug|Any CPU.ActiveCfg = Debug|Any CPU
		{0A0FD4B0-1E71-46DE-89E6-96F15F9151C0}.Debug|Any CPU.Build.0 = Debug|Any CPU
		{0A0FD4B0-1E71-46DE-89E6-96F15F9151C0}.Debug|x64.ActiveCfg = Debug|Any CPU
		{0A0FD4B0-1E71-46DE-89E6-96F15F9151C0}.Debug|x64.Build.0 = Debug|Any CPU
		{0A0FD4B0-1E71-46DE-89E6-96F15F9151C0}.Release|Any CPU.ActiveCfg = Release|Any CPU
		{0A0FD4B0-1E71-46DE-89E6-96F15F9151C0}.Release|Any CPU.Build.0 = Release|Any CPU
		{0A0FD4B0-1E71-46DE-89E6-96F15F9151C0}.Release|x64.ActiveCfg = Release|Any CPU
		{0A0FD4B0-1E71-46DE-89E6-96F15F9151C0}.Release|x64.Build.0 = Release|Any CPU
		{12218E47-5F15-4B7C-9555-5E494D33262F}.Debug|Any CPU.ActiveCfg = Debug|Any CPU
		{12218E47-5F15-4B7C-9555-5E494D33262F}.Debug|Any CPU.Build.0 = Debug|Any CPU
		{12218E47-5F15-4B7C-9555-5E494D33262F}.Debug|x64.ActiveCfg = Debug|Any CPU
		{12218E47-5F15-4B7C-9555-5E494D33262F}.Debug|x64.Build.0 = Debug|Any CPU
		{12218E47-5F15-4B7C-9555-5E494D33262F}.Release|Any CPU.ActiveCfg = Release|Any CPU
		{12218E47-5F15-4B7C-9555-5E494D33262F}.Release|Any CPU.Build.0 = Release|Any CPU
		{12218E47-5F15-4B7C-9555-5E494D33262F}.Release|x64.ActiveCfg = Release|Any CPU
		{12218E47-5F15-4B7C-9555-5E494D33262F}.Release|x64.Build.0 = Release|Any CPU
		{07B54972-7287-44D3-AE51-72537529293C}.Debug|Any CPU.ActiveCfg = Debug|Any CPU
		{07B54972-7287-44D3-AE51-72537529293C}.Debug|Any CPU.Build.0 = Debug|Any CPU
		{07B54972-7287-44D3-AE51-72537529293C}.Debug|x64.ActiveCfg = Debug|Any CPU
		{07B54972-7287-44D3-AE51-72537529293C}.Debug|x64.Build.0 = Debug|Any CPU
		{07B54972-7287-44D3-AE51-72537529293C}.Release|Any CPU.ActiveCfg = Release|Any CPU
		{07B54972-7287-44D3-AE51-72537529293C}.Release|Any CPU.Build.0 = Release|Any CPU
		{07B54972-7287-44D3-AE51-72537529293C}.Release|x64.ActiveCfg = Release|Any CPU
		{07B54972-7287-44D3-AE51-72537529293C}.Release|x64.Build.0 = Release|Any CPU
		{B503A38E-4C39-4845-B6BD-7091F5A39876}.Debug|Any CPU.ActiveCfg = Debug|Any CPU
		{B503A38E-4C39-4845-B6BD-7091F5A39876}.Debug|Any CPU.Build.0 = Debug|Any CPU
		{B503A38E-4C39-4845-B6BD-7091F5A39876}.Debug|x64.ActiveCfg = Debug|Any CPU
		{B503A38E-4C39-4845-B6BD-7091F5A39876}.Debug|x64.Build.0 = Debug|Any CPU
		{B503A38E-4C39-4845-B6BD-7091F5A39876}.Release|Any CPU.ActiveCfg = Release|Any CPU
		{B503A38E-4C39-4845-B6BD-7091F5A39876}.Release|Any CPU.Build.0 = Release|Any CPU
		{B503A38E-4C39-4845-B6BD-7091F5A39876}.Release|x64.ActiveCfg = Release|Any CPU
		{B503A38E-4C39-4845-B6BD-7091F5A39876}.Release|x64.Build.0 = Release|Any CPU
		{DD8B41B8-C9BA-497D-A658-46F4D93A7F4D}.Debug|Any CPU.ActiveCfg = Debug|Any CPU
		{DD8B41B8-C9BA-497D-A658-46F4D93A7F4D}.Debug|Any CPU.Build.0 = Debug|Any CPU
		{DD8B41B8-C9BA-497D-A658-46F4D93A7F4D}.Debug|x64.ActiveCfg = Debug|Any CPU
		{DD8B41B8-C9BA-497D-A658-46F4D93A7F4D}.Debug|x64.Build.0 = Debug|Any CPU
		{DD8B41B8-C9BA-497D-A658-46F4D93A7F4D}.Release|Any CPU.ActiveCfg = Release|Any CPU
		{DD8B41B8-C9BA-497D-A658-46F4D93A7F4D}.Release|Any CPU.Build.0 = Release|Any CPU
		{DD8B41B8-C9BA-497D-A658-46F4D93A7F4D}.Release|x64.ActiveCfg = Release|Any CPU
		{DD8B41B8-C9BA-497D-A658-46F4D93A7F4D}.Release|x64.Build.0 = Release|Any CPU
		{350CAAD0-FE4B-4F7D-B63F-087EE744C411}.Debug|Any CPU.ActiveCfg = Debug|Any CPU
		{350CAAD0-FE4B-4F7D-B63F-087EE744C411}.Debug|Any CPU.Build.0 = Debug|Any CPU
		{350CAAD0-FE4B-4F7D-B63F-087EE744C411}.Debug|x64.ActiveCfg = Debug|Any CPU
		{350CAAD0-FE4B-4F7D-B63F-087EE744C411}.Debug|x64.Build.0 = Debug|Any CPU
		{350CAAD0-FE4B-4F7D-B63F-087EE744C411}.Release|Any CPU.ActiveCfg = Release|Any CPU
		{350CAAD0-FE4B-4F7D-B63F-087EE744C411}.Release|Any CPU.Build.0 = Release|Any CPU
		{350CAAD0-FE4B-4F7D-B63F-087EE744C411}.Release|x64.ActiveCfg = Release|Any CPU
		{350CAAD0-FE4B-4F7D-B63F-087EE744C411}.Release|x64.Build.0 = Release|Any CPU
		{69A0645F-9249-4895-8AA5-64C74CD7DE92}.Debug|Any CPU.ActiveCfg = Debug|Any CPU
		{69A0645F-9249-4895-8AA5-64C74CD7DE92}.Debug|Any CPU.Build.0 = Debug|Any CPU
		{69A0645F-9249-4895-8AA5-64C74CD7DE92}.Debug|x64.ActiveCfg = Debug|Any CPU
		{69A0645F-9249-4895-8AA5-64C74CD7DE92}.Debug|x64.Build.0 = Debug|Any CPU
		{69A0645F-9249-4895-8AA5-64C74CD7DE92}.Release|Any CPU.ActiveCfg = Release|Any CPU
		{69A0645F-9249-4895-8AA5-64C74CD7DE92}.Release|Any CPU.Build.0 = Release|Any CPU
		{69A0645F-9249-4895-8AA5-64C74CD7DE92}.Release|x64.ActiveCfg = Release|Any CPU
		{69A0645F-9249-4895-8AA5-64C74CD7DE92}.Release|x64.Build.0 = Release|Any CPU
		{76AACDFD-CEAD-48FD-B254-8B8C8FE167B6}.Debug|Any CPU.ActiveCfg = Debug|Any CPU
		{76AACDFD-CEAD-48FD-B254-8B8C8FE167B6}.Debug|Any CPU.Build.0 = Debug|Any CPU
		{76AACDFD-CEAD-48FD-B254-8B8C8FE167B6}.Debug|x64.ActiveCfg = Debug|Any CPU
		{76AACDFD-CEAD-48FD-B254-8B8C8FE167B6}.Debug|x64.Build.0 = Debug|Any CPU
		{76AACDFD-CEAD-48FD-B254-8B8C8FE167B6}.Release|Any CPU.ActiveCfg = Release|Any CPU
		{76AACDFD-CEAD-48FD-B254-8B8C8FE167B6}.Release|Any CPU.Build.0 = Release|Any CPU
		{76AACDFD-CEAD-48FD-B254-8B8C8FE167B6}.Release|x64.ActiveCfg = Release|Any CPU
		{76AACDFD-CEAD-48FD-B254-8B8C8FE167B6}.Release|x64.Build.0 = Release|Any CPU
		{2D4EBED9-EF82-42B9-886D-6EB118B71C5C}.Debug|Any CPU.ActiveCfg = Debug|Any CPU
		{2D4EBED9-EF82-42B9-886D-6EB118B71C5C}.Debug|Any CPU.Build.0 = Debug|Any CPU
		{2D4EBED9-EF82-42B9-886D-6EB118B71C5C}.Debug|x64.ActiveCfg = Debug|Any CPU
		{2D4EBED9-EF82-42B9-886D-6EB118B71C5C}.Debug|x64.Build.0 = Debug|Any CPU
		{2D4EBED9-EF82-42B9-886D-6EB118B71C5C}.Release|Any CPU.ActiveCfg = Release|Any CPU
		{2D4EBED9-EF82-42B9-886D-6EB118B71C5C}.Release|Any CPU.Build.0 = Release|Any CPU
		{2D4EBED9-EF82-42B9-886D-6EB118B71C5C}.Release|x64.ActiveCfg = Release|Any CPU
		{2D4EBED9-EF82-42B9-886D-6EB118B71C5C}.Release|x64.Build.0 = Release|Any CPU
		{E2459BFB-1D4F-4049-85B7-4CA7E4E5C244}.Debug|Any CPU.ActiveCfg = Debug|Any CPU
		{E2459BFB-1D4F-4049-85B7-4CA7E4E5C244}.Debug|Any CPU.Build.0 = Debug|Any CPU
		{E2459BFB-1D4F-4049-85B7-4CA7E4E5C244}.Debug|x64.ActiveCfg = Debug|Any CPU
		{E2459BFB-1D4F-4049-85B7-4CA7E4E5C244}.Debug|x64.Build.0 = Debug|Any CPU
		{E2459BFB-1D4F-4049-85B7-4CA7E4E5C244}.Release|Any CPU.ActiveCfg = Release|Any CPU
		{E2459BFB-1D4F-4049-85B7-4CA7E4E5C244}.Release|Any CPU.Build.0 = Release|Any CPU
		{E2459BFB-1D4F-4049-85B7-4CA7E4E5C244}.Release|x64.ActiveCfg = Release|Any CPU
		{E2459BFB-1D4F-4049-85B7-4CA7E4E5C244}.Release|x64.Build.0 = Release|Any CPU
		{5C9F72D1-D073-4DA0-9A31-7A9078C1D109}.Debug|Any CPU.ActiveCfg = Debug|Any CPU
		{5C9F72D1-D073-4DA0-9A31-7A9078C1D109}.Debug|Any CPU.Build.0 = Debug|Any CPU
		{5C9F72D1-D073-4DA0-9A31-7A9078C1D109}.Debug|x64.ActiveCfg = Debug|Any CPU
		{5C9F72D1-D073-4DA0-9A31-7A9078C1D109}.Debug|x64.Build.0 = Debug|Any CPU
		{5C9F72D1-D073-4DA0-9A31-7A9078C1D109}.Release|Any CPU.ActiveCfg = Release|Any CPU
		{5C9F72D1-D073-4DA0-9A31-7A9078C1D109}.Release|Any CPU.Build.0 = Release|Any CPU
		{5C9F72D1-D073-4DA0-9A31-7A9078C1D109}.Release|x64.ActiveCfg = Release|Any CPU
		{5C9F72D1-D073-4DA0-9A31-7A9078C1D109}.Release|x64.Build.0 = Release|Any CPU
		{7F095485-D5BD-488B-AF5E-952FC548A911}.Debug|Any CPU.ActiveCfg = Debug|Any CPU
		{7F095485-D5BD-488B-AF5E-952FC548A911}.Debug|Any CPU.Build.0 = Debug|Any CPU
		{7F095485-D5BD-488B-AF5E-952FC548A911}.Debug|x64.ActiveCfg = Debug|Any CPU
		{7F095485-D5BD-488B-AF5E-952FC548A911}.Debug|x64.Build.0 = Debug|Any CPU
		{7F095485-D5BD-488B-AF5E-952FC548A911}.Release|Any CPU.ActiveCfg = Release|Any CPU
		{7F095485-D5BD-488B-AF5E-952FC548A911}.Release|Any CPU.Build.0 = Release|Any CPU
		{7F095485-D5BD-488B-AF5E-952FC548A911}.Release|x64.ActiveCfg = Release|Any CPU
		{7F095485-D5BD-488B-AF5E-952FC548A911}.Release|x64.Build.0 = Release|Any CPU
		{58879034-3872-421E-B712-336AB5CE7A9E}.Debug|Any CPU.ActiveCfg = Debug|Any CPU
		{58879034-3872-421E-B712-336AB5CE7A9E}.Debug|Any CPU.Build.0 = Debug|Any CPU
		{58879034-3872-421E-B712-336AB5CE7A9E}.Debug|x64.ActiveCfg = Debug|Any CPU
		{58879034-3872-421E-B712-336AB5CE7A9E}.Debug|x64.Build.0 = Debug|Any CPU
		{58879034-3872-421E-B712-336AB5CE7A9E}.Release|Any CPU.ActiveCfg = Release|Any CPU
		{58879034-3872-421E-B712-336AB5CE7A9E}.Release|Any CPU.Build.0 = Release|Any CPU
		{58879034-3872-421E-B712-336AB5CE7A9E}.Release|x64.ActiveCfg = Release|Any CPU
		{58879034-3872-421E-B712-336AB5CE7A9E}.Release|x64.Build.0 = Release|Any CPU
		{78B5CB3E-8225-4FB4-8E49-EB6CDD778B7E}.Debug|Any CPU.ActiveCfg = Debug|Any CPU
		{78B5CB3E-8225-4FB4-8E49-EB6CDD778B7E}.Debug|Any CPU.Build.0 = Debug|Any CPU
		{78B5CB3E-8225-4FB4-8E49-EB6CDD778B7E}.Debug|x64.ActiveCfg = Debug|Any CPU
		{78B5CB3E-8225-4FB4-8E49-EB6CDD778B7E}.Debug|x64.Build.0 = Debug|Any CPU
		{78B5CB3E-8225-4FB4-8E49-EB6CDD778B7E}.Release|Any CPU.ActiveCfg = Release|Any CPU
		{78B5CB3E-8225-4FB4-8E49-EB6CDD778B7E}.Release|Any CPU.Build.0 = Release|Any CPU
		{78B5CB3E-8225-4FB4-8E49-EB6CDD778B7E}.Release|x64.ActiveCfg = Release|Any CPU
		{78B5CB3E-8225-4FB4-8E49-EB6CDD778B7E}.Release|x64.Build.0 = Release|Any CPU
		{49AFE140-93BB-45EF-B2F4-5E3A193AB245}.Debug|Any CPU.ActiveCfg = Debug|Any CPU
		{49AFE140-93BB-45EF-B2F4-5E3A193AB245}.Debug|Any CPU.Build.0 = Debug|Any CPU
		{49AFE140-93BB-45EF-B2F4-5E3A193AB245}.Debug|x64.ActiveCfg = Debug|Any CPU
		{49AFE140-93BB-45EF-B2F4-5E3A193AB245}.Debug|x64.Build.0 = Debug|Any CPU
		{49AFE140-93BB-45EF-B2F4-5E3A193AB245}.Release|Any CPU.ActiveCfg = Release|Any CPU
		{49AFE140-93BB-45EF-B2F4-5E3A193AB245}.Release|Any CPU.Build.0 = Release|Any CPU
		{49AFE140-93BB-45EF-B2F4-5E3A193AB245}.Release|x64.ActiveCfg = Release|Any CPU
		{49AFE140-93BB-45EF-B2F4-5E3A193AB245}.Release|x64.Build.0 = Release|Any CPU
		{91E9DE2B-CE67-4329-8F1D-AAF34F71DFEB}.Debug|Any CPU.ActiveCfg = Debug|Any CPU
		{91E9DE2B-CE67-4329-8F1D-AAF34F71DFEB}.Debug|Any CPU.Build.0 = Debug|Any CPU
		{91E9DE2B-CE67-4329-8F1D-AAF34F71DFEB}.Debug|x64.ActiveCfg = Debug|Any CPU
		{91E9DE2B-CE67-4329-8F1D-AAF34F71DFEB}.Debug|x64.Build.0 = Debug|Any CPU
		{91E9DE2B-CE67-4329-8F1D-AAF34F71DFEB}.Release|Any CPU.ActiveCfg = Release|Any CPU
		{91E9DE2B-CE67-4329-8F1D-AAF34F71DFEB}.Release|Any CPU.Build.0 = Release|Any CPU
		{91E9DE2B-CE67-4329-8F1D-AAF34F71DFEB}.Release|x64.ActiveCfg = Release|Any CPU
		{91E9DE2B-CE67-4329-8F1D-AAF34F71DFEB}.Release|x64.Build.0 = Release|Any CPU
		{CC4762C9-A29E-4F2A-B85B-AFA17ED42095}.Debug|Any CPU.ActiveCfg = Debug|Any CPU
		{CC4762C9-A29E-4F2A-B85B-AFA17ED42095}.Debug|Any CPU.Build.0 = Debug|Any CPU
		{CC4762C9-A29E-4F2A-B85B-AFA17ED42095}.Debug|x64.ActiveCfg = Debug|Any CPU
		{CC4762C9-A29E-4F2A-B85B-AFA17ED42095}.Debug|x64.Build.0 = Debug|Any CPU
		{CC4762C9-A29E-4F2A-B85B-AFA17ED42095}.Release|Any CPU.ActiveCfg = Release|Any CPU
		{CC4762C9-A29E-4F2A-B85B-AFA17ED42095}.Release|Any CPU.Build.0 = Release|Any CPU
		{CC4762C9-A29E-4F2A-B85B-AFA17ED42095}.Release|x64.ActiveCfg = Release|Any CPU
		{CC4762C9-A29E-4F2A-B85B-AFA17ED42095}.Release|x64.Build.0 = Release|Any CPU
		{9F44BE9E-A952-4C2D-BDE5-C212822C4DB4}.Debug|Any CPU.ActiveCfg = Debug|Any CPU
		{9F44BE9E-A952-4C2D-BDE5-C212822C4DB4}.Debug|Any CPU.Build.0 = Debug|Any CPU
		{9F44BE9E-A952-4C2D-BDE5-C212822C4DB4}.Debug|x64.ActiveCfg = Debug|x64
		{9F44BE9E-A952-4C2D-BDE5-C212822C4DB4}.Debug|x64.Build.0 = Debug|x64
		{9F44BE9E-A952-4C2D-BDE5-C212822C4DB4}.Release|Any CPU.ActiveCfg = Release|Any CPU
		{9F44BE9E-A952-4C2D-BDE5-C212822C4DB4}.Release|Any CPU.Build.0 = Release|Any CPU
		{9F44BE9E-A952-4C2D-BDE5-C212822C4DB4}.Release|x64.ActiveCfg = Release|x64
		{9F44BE9E-A952-4C2D-BDE5-C212822C4DB4}.Release|x64.Build.0 = Release|x64
		{FC751547-6A9D-41F3-8F38-DC477BBC0940}.Debug|Any CPU.ActiveCfg = Debug|Any CPU
		{FC751547-6A9D-41F3-8F38-DC477BBC0940}.Debug|Any CPU.Build.0 = Debug|Any CPU
		{FC751547-6A9D-41F3-8F38-DC477BBC0940}.Debug|x64.ActiveCfg = Debug|Any CPU
		{FC751547-6A9D-41F3-8F38-DC477BBC0940}.Debug|x64.Build.0 = Debug|Any CPU
		{FC751547-6A9D-41F3-8F38-DC477BBC0940}.Release|Any CPU.ActiveCfg = Release|Any CPU
		{FC751547-6A9D-41F3-8F38-DC477BBC0940}.Release|Any CPU.Build.0 = Release|Any CPU
		{FC751547-6A9D-41F3-8F38-DC477BBC0940}.Release|x64.ActiveCfg = Release|Any CPU
		{FC751547-6A9D-41F3-8F38-DC477BBC0940}.Release|x64.Build.0 = Release|Any CPU
		{54CF6955-9CFC-4E80-B2B0-83E31ABA86CF}.Debug|Any CPU.ActiveCfg = Debug|Any CPU
		{54CF6955-9CFC-4E80-B2B0-83E31ABA86CF}.Debug|Any CPU.Build.0 = Debug|Any CPU
		{54CF6955-9CFC-4E80-B2B0-83E31ABA86CF}.Debug|x64.ActiveCfg = Debug|Any CPU
		{54CF6955-9CFC-4E80-B2B0-83E31ABA86CF}.Debug|x64.Build.0 = Debug|Any CPU
		{54CF6955-9CFC-4E80-B2B0-83E31ABA86CF}.Release|Any CPU.ActiveCfg = Release|Any CPU
		{54CF6955-9CFC-4E80-B2B0-83E31ABA86CF}.Release|Any CPU.Build.0 = Release|Any CPU
		{54CF6955-9CFC-4E80-B2B0-83E31ABA86CF}.Release|x64.ActiveCfg = Release|Any CPU
		{54CF6955-9CFC-4E80-B2B0-83E31ABA86CF}.Release|x64.Build.0 = Release|Any CPU
		{C48DAE58-ED89-49EA-AC85-7E4D7FB567A0}.Debug|Any CPU.ActiveCfg = Debug|Any CPU
		{C48DAE58-ED89-49EA-AC85-7E4D7FB567A0}.Debug|Any CPU.Build.0 = Debug|Any CPU
		{C48DAE58-ED89-49EA-AC85-7E4D7FB567A0}.Debug|x64.ActiveCfg = Debug|Any CPU
		{C48DAE58-ED89-49EA-AC85-7E4D7FB567A0}.Debug|x64.Build.0 = Debug|Any CPU
		{C48DAE58-ED89-49EA-AC85-7E4D7FB567A0}.Release|Any CPU.ActiveCfg = Release|Any CPU
		{C48DAE58-ED89-49EA-AC85-7E4D7FB567A0}.Release|Any CPU.Build.0 = Release|Any CPU
		{C48DAE58-ED89-49EA-AC85-7E4D7FB567A0}.Release|x64.ActiveCfg = Release|Any CPU
		{C48DAE58-ED89-49EA-AC85-7E4D7FB567A0}.Release|x64.Build.0 = Release|Any CPU
		{5B69979E-37E2-4B91-930D-C0C04385D9CB}.Debug|Any CPU.ActiveCfg = Debug|Any CPU
		{5B69979E-37E2-4B91-930D-C0C04385D9CB}.Debug|Any CPU.Build.0 = Debug|Any CPU
		{5B69979E-37E2-4B91-930D-C0C04385D9CB}.Debug|x64.ActiveCfg = Debug|Any CPU
		{5B69979E-37E2-4B91-930D-C0C04385D9CB}.Debug|x64.Build.0 = Debug|Any CPU
		{5B69979E-37E2-4B91-930D-C0C04385D9CB}.Release|Any CPU.ActiveCfg = Release|Any CPU
		{5B69979E-37E2-4B91-930D-C0C04385D9CB}.Release|Any CPU.Build.0 = Release|Any CPU
		{5B69979E-37E2-4B91-930D-C0C04385D9CB}.Release|x64.ActiveCfg = Release|Any CPU
		{5B69979E-37E2-4B91-930D-C0C04385D9CB}.Release|x64.Build.0 = Release|Any CPU
		{DDAE656B-1CEB-4361-910A-4002A961DAC9}.Debug|Any CPU.ActiveCfg = Debug|Any CPU
		{DDAE656B-1CEB-4361-910A-4002A961DAC9}.Debug|Any CPU.Build.0 = Debug|Any CPU
		{DDAE656B-1CEB-4361-910A-4002A961DAC9}.Debug|x64.ActiveCfg = Debug|Any CPU
		{DDAE656B-1CEB-4361-910A-4002A961DAC9}.Debug|x64.Build.0 = Debug|Any CPU
		{DDAE656B-1CEB-4361-910A-4002A961DAC9}.Release|Any CPU.ActiveCfg = Release|Any CPU
		{DDAE656B-1CEB-4361-910A-4002A961DAC9}.Release|Any CPU.Build.0 = Release|Any CPU
		{DDAE656B-1CEB-4361-910A-4002A961DAC9}.Release|x64.ActiveCfg = Release|Any CPU
		{DDAE656B-1CEB-4361-910A-4002A961DAC9}.Release|x64.Build.0 = Release|Any CPU
		{C1ECBCC7-613A-42A9-9C1E-F39B57DECCDA}.Debug|Any CPU.ActiveCfg = Debug|Any CPU
		{C1ECBCC7-613A-42A9-9C1E-F39B57DECCDA}.Debug|Any CPU.Build.0 = Debug|Any CPU
		{C1ECBCC7-613A-42A9-9C1E-F39B57DECCDA}.Debug|x64.ActiveCfg = Debug|Any CPU
		{C1ECBCC7-613A-42A9-9C1E-F39B57DECCDA}.Debug|x64.Build.0 = Debug|Any CPU
		{C1ECBCC7-613A-42A9-9C1E-F39B57DECCDA}.Release|Any CPU.ActiveCfg = Release|Any CPU
		{C1ECBCC7-613A-42A9-9C1E-F39B57DECCDA}.Release|Any CPU.Build.0 = Release|Any CPU
		{C1ECBCC7-613A-42A9-9C1E-F39B57DECCDA}.Release|x64.ActiveCfg = Release|Any CPU
		{C1ECBCC7-613A-42A9-9C1E-F39B57DECCDA}.Release|x64.Build.0 = Release|Any CPU
		{A766A6C3-8539-4588-9DE4-C307CEB6D56B}.Debug|Any CPU.ActiveCfg = Debug|Any CPU
		{A766A6C3-8539-4588-9DE4-C307CEB6D56B}.Debug|Any CPU.Build.0 = Debug|Any CPU
		{A766A6C3-8539-4588-9DE4-C307CEB6D56B}.Debug|x64.ActiveCfg = Debug|Any CPU
		{A766A6C3-8539-4588-9DE4-C307CEB6D56B}.Debug|x64.Build.0 = Debug|Any CPU
		{A766A6C3-8539-4588-9DE4-C307CEB6D56B}.Release|Any CPU.ActiveCfg = Release|Any CPU
		{A766A6C3-8539-4588-9DE4-C307CEB6D56B}.Release|Any CPU.Build.0 = Release|Any CPU
		{A766A6C3-8539-4588-9DE4-C307CEB6D56B}.Release|x64.ActiveCfg = Release|Any CPU
		{A766A6C3-8539-4588-9DE4-C307CEB6D56B}.Release|x64.Build.0 = Release|Any CPU
		{15B917F8-F0D4-4A96-A8D8-178D87B5F94C}.Debug|Any CPU.ActiveCfg = Debug|Any CPU
		{15B917F8-F0D4-4A96-A8D8-178D87B5F94C}.Debug|Any CPU.Build.0 = Debug|Any CPU
		{15B917F8-F0D4-4A96-A8D8-178D87B5F94C}.Debug|x64.ActiveCfg = Debug|Any CPU
		{15B917F8-F0D4-4A96-A8D8-178D87B5F94C}.Debug|x64.Build.0 = Debug|Any CPU
		{15B917F8-F0D4-4A96-A8D8-178D87B5F94C}.Release|Any CPU.ActiveCfg = Release|Any CPU
		{15B917F8-F0D4-4A96-A8D8-178D87B5F94C}.Release|Any CPU.Build.0 = Release|Any CPU
		{15B917F8-F0D4-4A96-A8D8-178D87B5F94C}.Release|x64.ActiveCfg = Release|Any CPU
		{15B917F8-F0D4-4A96-A8D8-178D87B5F94C}.Release|x64.Build.0 = Release|Any CPU
		{BAAD0036-B31B-4E5B-9B58-36BB9203EC37}.Debug|Any CPU.ActiveCfg = Debug|Any CPU
		{BAAD0036-B31B-4E5B-9B58-36BB9203EC37}.Debug|Any CPU.Build.0 = Debug|Any CPU
		{BAAD0036-B31B-4E5B-9B58-36BB9203EC37}.Debug|x64.ActiveCfg = Debug|Any CPU
		{BAAD0036-B31B-4E5B-9B58-36BB9203EC37}.Debug|x64.Build.0 = Debug|Any CPU
		{BAAD0036-B31B-4E5B-9B58-36BB9203EC37}.Release|Any CPU.ActiveCfg = Release|Any CPU
		{BAAD0036-B31B-4E5B-9B58-36BB9203EC37}.Release|Any CPU.Build.0 = Release|Any CPU
		{BAAD0036-B31B-4E5B-9B58-36BB9203EC37}.Release|x64.ActiveCfg = Release|Any CPU
		{BAAD0036-B31B-4E5B-9B58-36BB9203EC37}.Release|x64.Build.0 = Release|Any CPU
		{408AEFDD-44EC-4D16-A916-088926364FB3}.Debug|Any CPU.ActiveCfg = Debug|Any CPU
		{408AEFDD-44EC-4D16-A916-088926364FB3}.Debug|Any CPU.Build.0 = Debug|Any CPU
		{408AEFDD-44EC-4D16-A916-088926364FB3}.Debug|x64.ActiveCfg = Debug|Any CPU
		{408AEFDD-44EC-4D16-A916-088926364FB3}.Debug|x64.Build.0 = Debug|Any CPU
		{408AEFDD-44EC-4D16-A916-088926364FB3}.Release|Any CPU.ActiveCfg = Release|Any CPU
		{408AEFDD-44EC-4D16-A916-088926364FB3}.Release|Any CPU.Build.0 = Release|Any CPU
		{408AEFDD-44EC-4D16-A916-088926364FB3}.Release|x64.ActiveCfg = Release|Any CPU
		{408AEFDD-44EC-4D16-A916-088926364FB3}.Release|x64.Build.0 = Release|Any CPU
		{8C320576-4CC1-4970-A2CE-8B0D310AD417}.Debug|Any CPU.ActiveCfg = Debug|Any CPU
		{8C320576-4CC1-4970-A2CE-8B0D310AD417}.Debug|Any CPU.Build.0 = Debug|Any CPU
		{8C320576-4CC1-4970-A2CE-8B0D310AD417}.Debug|x64.ActiveCfg = Debug|Any CPU
		{8C320576-4CC1-4970-A2CE-8B0D310AD417}.Debug|x64.Build.0 = Debug|Any CPU
		{8C320576-4CC1-4970-A2CE-8B0D310AD417}.Release|Any CPU.ActiveCfg = Release|Any CPU
		{8C320576-4CC1-4970-A2CE-8B0D310AD417}.Release|Any CPU.Build.0 = Release|Any CPU
		{8C320576-4CC1-4970-A2CE-8B0D310AD417}.Release|x64.ActiveCfg = Release|Any CPU
		{8C320576-4CC1-4970-A2CE-8B0D310AD417}.Release|x64.Build.0 = Release|Any CPU
		{C89D2244-9935-41CD-A2CA-5E24A2074BC5}.Debug|Any CPU.ActiveCfg = Debug|Any CPU
		{C89D2244-9935-41CD-A2CA-5E24A2074BC5}.Debug|Any CPU.Build.0 = Debug|Any CPU
		{C89D2244-9935-41CD-A2CA-5E24A2074BC5}.Debug|x64.ActiveCfg = Debug|Any CPU
		{C89D2244-9935-41CD-A2CA-5E24A2074BC5}.Debug|x64.Build.0 = Debug|Any CPU
		{C89D2244-9935-41CD-A2CA-5E24A2074BC5}.Release|Any CPU.ActiveCfg = Release|Any CPU
		{C89D2244-9935-41CD-A2CA-5E24A2074BC5}.Release|Any CPU.Build.0 = Release|Any CPU
		{C89D2244-9935-41CD-A2CA-5E24A2074BC5}.Release|x64.ActiveCfg = Release|Any CPU
		{C89D2244-9935-41CD-A2CA-5E24A2074BC5}.Release|x64.Build.0 = Release|Any CPU
		{93F5B86B-E624-4087-9D74-71A268EBF0F6}.Debug|Any CPU.ActiveCfg = Debug|Any CPU
		{93F5B86B-E624-4087-9D74-71A268EBF0F6}.Debug|Any CPU.Build.0 = Debug|Any CPU
		{93F5B86B-E624-4087-9D74-71A268EBF0F6}.Debug|x64.ActiveCfg = Debug|Any CPU
		{93F5B86B-E624-4087-9D74-71A268EBF0F6}.Debug|x64.Build.0 = Debug|Any CPU
		{93F5B86B-E624-4087-9D74-71A268EBF0F6}.Release|Any CPU.ActiveCfg = Release|Any CPU
		{93F5B86B-E624-4087-9D74-71A268EBF0F6}.Release|Any CPU.Build.0 = Release|Any CPU
		{93F5B86B-E624-4087-9D74-71A268EBF0F6}.Release|x64.ActiveCfg = Release|Any CPU
		{93F5B86B-E624-4087-9D74-71A268EBF0F6}.Release|x64.Build.0 = Release|Any CPU
		{9488C925-24E5-4617-B1E2-2F03C83E2052}.Debug|Any CPU.ActiveCfg = Debug|Any CPU
		{9488C925-24E5-4617-B1E2-2F03C83E2052}.Debug|Any CPU.Build.0 = Debug|Any CPU
		{9488C925-24E5-4617-B1E2-2F03C83E2052}.Debug|x64.ActiveCfg = Debug|Any CPU
		{9488C925-24E5-4617-B1E2-2F03C83E2052}.Debug|x64.Build.0 = Debug|Any CPU
		{9488C925-24E5-4617-B1E2-2F03C83E2052}.Release|Any CPU.ActiveCfg = Release|Any CPU
		{9488C925-24E5-4617-B1E2-2F03C83E2052}.Release|Any CPU.Build.0 = Release|Any CPU
		{9488C925-24E5-4617-B1E2-2F03C83E2052}.Release|x64.ActiveCfg = Release|Any CPU
		{9488C925-24E5-4617-B1E2-2F03C83E2052}.Release|x64.Build.0 = Release|Any CPU
		{43126821-4751-489B-8303-BBBE7E8F65F1}.Debug|Any CPU.ActiveCfg = Debug|Any CPU
		{43126821-4751-489B-8303-BBBE7E8F65F1}.Debug|Any CPU.Build.0 = Debug|Any CPU
		{43126821-4751-489B-8303-BBBE7E8F65F1}.Debug|x64.ActiveCfg = Debug|Any CPU
		{43126821-4751-489B-8303-BBBE7E8F65F1}.Debug|x64.Build.0 = Debug|Any CPU
		{43126821-4751-489B-8303-BBBE7E8F65F1}.Release|Any CPU.ActiveCfg = Release|Any CPU
		{43126821-4751-489B-8303-BBBE7E8F65F1}.Release|Any CPU.Build.0 = Release|Any CPU
		{43126821-4751-489B-8303-BBBE7E8F65F1}.Release|x64.ActiveCfg = Release|Any CPU
		{43126821-4751-489B-8303-BBBE7E8F65F1}.Release|x64.Build.0 = Release|Any CPU
		{BF378142-0B69-46AC-A028-502C2E74F540}.Debug|Any CPU.ActiveCfg = Debug|Any CPU
		{BF378142-0B69-46AC-A028-502C2E74F540}.Debug|Any CPU.Build.0 = Debug|Any CPU
		{BF378142-0B69-46AC-A028-502C2E74F540}.Debug|Any CPU.Deploy.0 = Debug|Any CPU
		{BF378142-0B69-46AC-A028-502C2E74F540}.Debug|x64.ActiveCfg = Debug|Any CPU
		{BF378142-0B69-46AC-A028-502C2E74F540}.Debug|x64.Build.0 = Debug|Any CPU
		{BF378142-0B69-46AC-A028-502C2E74F540}.Release|Any CPU.ActiveCfg = Release|Any CPU
		{BF378142-0B69-46AC-A028-502C2E74F540}.Release|Any CPU.Build.0 = Release|Any CPU
		{BF378142-0B69-46AC-A028-502C2E74F540}.Release|x64.ActiveCfg = Release|Any CPU
		{BF378142-0B69-46AC-A028-502C2E74F540}.Release|x64.Build.0 = Release|Any CPU
		{4EBF46CD-47B7-44C0-9F5E-C1917F75C907}.Debug|Any CPU.ActiveCfg = Debug|Any CPU
		{4EBF46CD-47B7-44C0-9F5E-C1917F75C907}.Debug|Any CPU.Build.0 = Debug|Any CPU
		{4EBF46CD-47B7-44C0-9F5E-C1917F75C907}.Debug|x64.ActiveCfg = Debug|Any CPU
		{4EBF46CD-47B7-44C0-9F5E-C1917F75C907}.Debug|x64.Build.0 = Debug|Any CPU
		{4EBF46CD-47B7-44C0-9F5E-C1917F75C907}.Release|Any CPU.ActiveCfg = Release|Any CPU
		{4EBF46CD-47B7-44C0-9F5E-C1917F75C907}.Release|Any CPU.Build.0 = Release|Any CPU
		{4EBF46CD-47B7-44C0-9F5E-C1917F75C907}.Release|x64.ActiveCfg = Release|Any CPU
		{4EBF46CD-47B7-44C0-9F5E-C1917F75C907}.Release|x64.Build.0 = Release|Any CPU
		{34AF9E90-7B1D-400E-B400-9BA9183FDD36}.Debug|Any CPU.ActiveCfg = Debug|Any CPU
		{34AF9E90-7B1D-400E-B400-9BA9183FDD36}.Debug|Any CPU.Build.0 = Debug|Any CPU
		{34AF9E90-7B1D-400E-B400-9BA9183FDD36}.Debug|x64.ActiveCfg = Debug|Any CPU
		{34AF9E90-7B1D-400E-B400-9BA9183FDD36}.Debug|x64.Build.0 = Debug|Any CPU
		{34AF9E90-7B1D-400E-B400-9BA9183FDD36}.Release|Any CPU.ActiveCfg = Release|Any CPU
		{34AF9E90-7B1D-400E-B400-9BA9183FDD36}.Release|Any CPU.Build.0 = Release|Any CPU
		{34AF9E90-7B1D-400E-B400-9BA9183FDD36}.Release|x64.ActiveCfg = Release|Any CPU
		{34AF9E90-7B1D-400E-B400-9BA9183FDD36}.Release|x64.Build.0 = Release|Any CPU
		{46077360-B797-44A3-9E68-6C415BE4FFF9}.Debug|Any CPU.ActiveCfg = Debug|Any CPU
		{46077360-B797-44A3-9E68-6C415BE4FFF9}.Debug|Any CPU.Build.0 = Debug|Any CPU
		{46077360-B797-44A3-9E68-6C415BE4FFF9}.Debug|x64.ActiveCfg = Debug|Any CPU
		{46077360-B797-44A3-9E68-6C415BE4FFF9}.Debug|x64.Build.0 = Debug|Any CPU
		{46077360-B797-44A3-9E68-6C415BE4FFF9}.Release|Any CPU.ActiveCfg = Release|Any CPU
		{46077360-B797-44A3-9E68-6C415BE4FFF9}.Release|Any CPU.Build.0 = Release|Any CPU
		{46077360-B797-44A3-9E68-6C415BE4FFF9}.Release|x64.ActiveCfg = Release|Any CPU
		{46077360-B797-44A3-9E68-6C415BE4FFF9}.Release|x64.Build.0 = Release|Any CPU
		{C4C7BE4F-CEEF-4CB6-9F44-867E03EF6217}.Debug|Any CPU.ActiveCfg = Debug|Any CPU
		{C4C7BE4F-CEEF-4CB6-9F44-867E03EF6217}.Debug|Any CPU.Build.0 = Debug|Any CPU
		{C4C7BE4F-CEEF-4CB6-9F44-867E03EF6217}.Debug|x64.ActiveCfg = Debug|Any CPU
		{C4C7BE4F-CEEF-4CB6-9F44-867E03EF6217}.Debug|x64.Build.0 = Debug|Any CPU
		{C4C7BE4F-CEEF-4CB6-9F44-867E03EF6217}.Release|Any CPU.ActiveCfg = Release|Any CPU
		{C4C7BE4F-CEEF-4CB6-9F44-867E03EF6217}.Release|Any CPU.Build.0 = Release|Any CPU
		{C4C7BE4F-CEEF-4CB6-9F44-867E03EF6217}.Release|x64.ActiveCfg = Release|Any CPU
		{C4C7BE4F-CEEF-4CB6-9F44-867E03EF6217}.Release|x64.Build.0 = Release|Any CPU
		{0B8CAD58-EAFE-4764-AA83-D4C8940D8989}.Debug|Any CPU.ActiveCfg = Debug|Any CPU
		{0B8CAD58-EAFE-4764-AA83-D4C8940D8989}.Debug|Any CPU.Build.0 = Debug|Any CPU
		{0B8CAD58-EAFE-4764-AA83-D4C8940D8989}.Debug|x64.ActiveCfg = Debug|Any CPU
		{0B8CAD58-EAFE-4764-AA83-D4C8940D8989}.Debug|x64.Build.0 = Debug|Any CPU
		{0B8CAD58-EAFE-4764-AA83-D4C8940D8989}.Release|Any CPU.ActiveCfg = Release|Any CPU
		{0B8CAD58-EAFE-4764-AA83-D4C8940D8989}.Release|Any CPU.Build.0 = Release|Any CPU
		{0B8CAD58-EAFE-4764-AA83-D4C8940D8989}.Release|x64.ActiveCfg = Release|Any CPU
		{0B8CAD58-EAFE-4764-AA83-D4C8940D8989}.Release|x64.Build.0 = Release|Any CPU
		{150D8C9E-1461-4F74-A37D-C3EAB30B609F}.Debug|Any CPU.ActiveCfg = Debug|Any CPU
		{150D8C9E-1461-4F74-A37D-C3EAB30B609F}.Debug|Any CPU.Build.0 = Debug|Any CPU
		{150D8C9E-1461-4F74-A37D-C3EAB30B609F}.Debug|x64.ActiveCfg = Debug|Any CPU
		{150D8C9E-1461-4F74-A37D-C3EAB30B609F}.Debug|x64.Build.0 = Debug|Any CPU
		{150D8C9E-1461-4F74-A37D-C3EAB30B609F}.Release|Any CPU.ActiveCfg = Release|Any CPU
		{150D8C9E-1461-4F74-A37D-C3EAB30B609F}.Release|Any CPU.Build.0 = Release|Any CPU
		{150D8C9E-1461-4F74-A37D-C3EAB30B609F}.Release|x64.ActiveCfg = Release|Any CPU
		{150D8C9E-1461-4F74-A37D-C3EAB30B609F}.Release|x64.Build.0 = Release|Any CPU
		{78C2D515-17B8-4404-9B27-75898598EA6E}.Debug|Any CPU.ActiveCfg = Debug|Any CPU
		{78C2D515-17B8-4404-9B27-75898598EA6E}.Debug|Any CPU.Build.0 = Debug|Any CPU
		{78C2D515-17B8-4404-9B27-75898598EA6E}.Debug|x64.ActiveCfg = Debug|Any CPU
		{78C2D515-17B8-4404-9B27-75898598EA6E}.Debug|x64.Build.0 = Debug|Any CPU
		{78C2D515-17B8-4404-9B27-75898598EA6E}.Release|Any CPU.ActiveCfg = Release|Any CPU
		{78C2D515-17B8-4404-9B27-75898598EA6E}.Release|Any CPU.Build.0 = Release|Any CPU
		{78C2D515-17B8-4404-9B27-75898598EA6E}.Release|x64.ActiveCfg = Release|Any CPU
		{78C2D515-17B8-4404-9B27-75898598EA6E}.Release|x64.Build.0 = Release|Any CPU
		{0043FC05-DF4D-47DA-AA1D-3335CA17C05F}.Debug|Any CPU.ActiveCfg = Debug|Any CPU
		{0043FC05-DF4D-47DA-AA1D-3335CA17C05F}.Debug|Any CPU.Build.0 = Debug|Any CPU
		{0043FC05-DF4D-47DA-AA1D-3335CA17C05F}.Debug|x64.ActiveCfg = Debug|Any CPU
		{0043FC05-DF4D-47DA-AA1D-3335CA17C05F}.Debug|x64.Build.0 = Debug|Any CPU
		{0043FC05-DF4D-47DA-AA1D-3335CA17C05F}.Release|Any CPU.ActiveCfg = Release|Any CPU
		{0043FC05-DF4D-47DA-AA1D-3335CA17C05F}.Release|Any CPU.Build.0 = Release|Any CPU
		{0043FC05-DF4D-47DA-AA1D-3335CA17C05F}.Release|x64.ActiveCfg = Release|Any CPU
		{0043FC05-DF4D-47DA-AA1D-3335CA17C05F}.Release|x64.Build.0 = Release|Any CPU
		{06B8EAF5-BD11-4FC7-AAB3-11695421495B}.Debug|Any CPU.ActiveCfg = Debug|Any CPU
		{06B8EAF5-BD11-4FC7-AAB3-11695421495B}.Debug|Any CPU.Build.0 = Debug|Any CPU
		{06B8EAF5-BD11-4FC7-AAB3-11695421495B}.Debug|x64.ActiveCfg = Debug|Any CPU
		{06B8EAF5-BD11-4FC7-AAB3-11695421495B}.Debug|x64.Build.0 = Debug|Any CPU
		{06B8EAF5-BD11-4FC7-AAB3-11695421495B}.Release|Any CPU.ActiveCfg = Release|Any CPU
		{06B8EAF5-BD11-4FC7-AAB3-11695421495B}.Release|Any CPU.Build.0 = Release|Any CPU
		{06B8EAF5-BD11-4FC7-AAB3-11695421495B}.Release|x64.ActiveCfg = Release|Any CPU
		{06B8EAF5-BD11-4FC7-AAB3-11695421495B}.Release|x64.Build.0 = Release|Any CPU
		{4BADA3D0-36B6-4806-94BA-A401D59D9BD5}.Debug|Any CPU.ActiveCfg = Debug|Any CPU
		{4BADA3D0-36B6-4806-94BA-A401D59D9BD5}.Debug|Any CPU.Build.0 = Debug|Any CPU
		{4BADA3D0-36B6-4806-94BA-A401D59D9BD5}.Debug|x64.ActiveCfg = Debug|Any CPU
		{4BADA3D0-36B6-4806-94BA-A401D59D9BD5}.Debug|x64.Build.0 = Debug|Any CPU
		{4BADA3D0-36B6-4806-94BA-A401D59D9BD5}.Release|Any CPU.ActiveCfg = Release|Any CPU
		{4BADA3D0-36B6-4806-94BA-A401D59D9BD5}.Release|Any CPU.Build.0 = Release|Any CPU
		{4BADA3D0-36B6-4806-94BA-A401D59D9BD5}.Release|x64.ActiveCfg = Release|Any CPU
		{4BADA3D0-36B6-4806-94BA-A401D59D9BD5}.Release|x64.Build.0 = Release|Any CPU
		{B5B487A5-8CF8-4863-92EC-4D05DF65E9EC}.Debug|Any CPU.ActiveCfg = Debug|Any CPU
		{B5B487A5-8CF8-4863-92EC-4D05DF65E9EC}.Debug|Any CPU.Build.0 = Debug|Any CPU
		{B5B487A5-8CF8-4863-92EC-4D05DF65E9EC}.Debug|x64.ActiveCfg = Debug|Any CPU
		{B5B487A5-8CF8-4863-92EC-4D05DF65E9EC}.Debug|x64.Build.0 = Debug|Any CPU
		{B5B487A5-8CF8-4863-92EC-4D05DF65E9EC}.Release|Any CPU.ActiveCfg = Release|Any CPU
		{B5B487A5-8CF8-4863-92EC-4D05DF65E9EC}.Release|Any CPU.Build.0 = Release|Any CPU
		{B5B487A5-8CF8-4863-92EC-4D05DF65E9EC}.Release|x64.ActiveCfg = Release|Any CPU
		{B5B487A5-8CF8-4863-92EC-4D05DF65E9EC}.Release|x64.Build.0 = Release|Any CPU
		{9149CA61-D77D-4E65-90AA-9A8AF03D9E43}.Debug|Any CPU.ActiveCfg = Debug|Any CPU
		{9149CA61-D77D-4E65-90AA-9A8AF03D9E43}.Debug|Any CPU.Build.0 = Debug|Any CPU
		{9149CA61-D77D-4E65-90AA-9A8AF03D9E43}.Debug|x64.ActiveCfg = Debug|Any CPU
		{9149CA61-D77D-4E65-90AA-9A8AF03D9E43}.Debug|x64.Build.0 = Debug|Any CPU
		{9149CA61-D77D-4E65-90AA-9A8AF03D9E43}.Release|Any CPU.ActiveCfg = Release|Any CPU
		{9149CA61-D77D-4E65-90AA-9A8AF03D9E43}.Release|Any CPU.Build.0 = Release|Any CPU
		{9149CA61-D77D-4E65-90AA-9A8AF03D9E43}.Release|x64.ActiveCfg = Release|Any CPU
		{9149CA61-D77D-4E65-90AA-9A8AF03D9E43}.Release|x64.Build.0 = Release|Any CPU
		{D24FE96D-E7AB-4213-A684-769D01B8A183}.Debug|Any CPU.ActiveCfg = Debug|Any CPU
		{D24FE96D-E7AB-4213-A684-769D01B8A183}.Debug|Any CPU.Build.0 = Debug|Any CPU
		{D24FE96D-E7AB-4213-A684-769D01B8A183}.Debug|x64.ActiveCfg = Debug|Any CPU
		{D24FE96D-E7AB-4213-A684-769D01B8A183}.Debug|x64.Build.0 = Debug|Any CPU
		{D24FE96D-E7AB-4213-A684-769D01B8A183}.Release|Any CPU.ActiveCfg = Release|Any CPU
		{D24FE96D-E7AB-4213-A684-769D01B8A183}.Release|Any CPU.Build.0 = Release|Any CPU
		{D24FE96D-E7AB-4213-A684-769D01B8A183}.Release|x64.ActiveCfg = Release|Any CPU
		{D24FE96D-E7AB-4213-A684-769D01B8A183}.Release|x64.Build.0 = Release|Any CPU
		{5B20200F-02FE-4DA6-BB2F-27D79FE3D474}.Debug|Any CPU.ActiveCfg = Debug|Any CPU
		{5B20200F-02FE-4DA6-BB2F-27D79FE3D474}.Debug|Any CPU.Build.0 = Debug|Any CPU
		{5B20200F-02FE-4DA6-BB2F-27D79FE3D474}.Debug|x64.ActiveCfg = Debug|Any CPU
		{5B20200F-02FE-4DA6-BB2F-27D79FE3D474}.Debug|x64.Build.0 = Debug|Any CPU
		{5B20200F-02FE-4DA6-BB2F-27D79FE3D474}.Release|Any CPU.ActiveCfg = Release|Any CPU
		{5B20200F-02FE-4DA6-BB2F-27D79FE3D474}.Release|Any CPU.Build.0 = Release|Any CPU
		{5B20200F-02FE-4DA6-BB2F-27D79FE3D474}.Release|x64.ActiveCfg = Release|Any CPU
		{5B20200F-02FE-4DA6-BB2F-27D79FE3D474}.Release|x64.Build.0 = Release|Any CPU
		{947232D3-CAF2-4819-A8EE-823A09C30337}.Debug|Any CPU.ActiveCfg = Debug|Any CPU
		{947232D3-CAF2-4819-A8EE-823A09C30337}.Debug|Any CPU.Build.0 = Debug|Any CPU
		{947232D3-CAF2-4819-A8EE-823A09C30337}.Debug|x64.ActiveCfg = Debug|Any CPU
		{947232D3-CAF2-4819-A8EE-823A09C30337}.Debug|x64.Build.0 = Debug|Any CPU
		{947232D3-CAF2-4819-A8EE-823A09C30337}.Release|Any CPU.ActiveCfg = Release|Any CPU
		{947232D3-CAF2-4819-A8EE-823A09C30337}.Release|Any CPU.Build.0 = Release|Any CPU
		{947232D3-CAF2-4819-A8EE-823A09C30337}.Release|x64.ActiveCfg = Release|Any CPU
		{947232D3-CAF2-4819-A8EE-823A09C30337}.Release|x64.Build.0 = Release|Any CPU
		{F5D5E22C-AC40-4E4A-B132-5D299F417707}.Debug|Any CPU.ActiveCfg = Debug|Any CPU
		{F5D5E22C-AC40-4E4A-B132-5D299F417707}.Debug|Any CPU.Build.0 = Debug|Any CPU
		{F5D5E22C-AC40-4E4A-B132-5D299F417707}.Debug|x64.ActiveCfg = Debug|Any CPU
		{F5D5E22C-AC40-4E4A-B132-5D299F417707}.Debug|x64.Build.0 = Debug|Any CPU
		{F5D5E22C-AC40-4E4A-B132-5D299F417707}.Release|Any CPU.ActiveCfg = Release|Any CPU
		{F5D5E22C-AC40-4E4A-B132-5D299F417707}.Release|Any CPU.Build.0 = Release|Any CPU
		{F5D5E22C-AC40-4E4A-B132-5D299F417707}.Release|x64.ActiveCfg = Release|Any CPU
		{F5D5E22C-AC40-4E4A-B132-5D299F417707}.Release|x64.Build.0 = Release|Any CPU
	EndGlobalSection
	GlobalSection(SolutionProperties) = preSolution
		HideSolutionNode = FALSE
	EndGlobalSection
	GlobalSection(NestedProjects) = preSolution
		{14228FED-FD75-475E-8BC9-36DBCA69811E} = {F8F63766-2FE7-407F-B5E4-E5A1479C9B29}
		{249EE0C8-E81B-45AA-9A39-64534F70EF75} = {47D1D586-B005-4CE7-9D30-42D2E5CCC2EB}
		{CE1CBDA5-1D94-4565-AF3E-2D7DF75A89C8} = {F8F63766-2FE7-407F-B5E4-E5A1479C9B29}
		{A16E4D69-4F5F-433B-AB8E-2DB21F3A665E} = {9B3507AA-13A9-4D78-9EE7-0E18C33AEAFD}
		{8B37332C-E14C-4F13-B703-F1324BDAB3E6} = {9B3507AA-13A9-4D78-9EE7-0E18C33AEAFD}
		{0A0FD4B0-1E71-46DE-89E6-96F15F9151C0} = {47D1D586-B005-4CE7-9D30-42D2E5CCC2EB}
		{12218E47-5F15-4B7C-9555-5E494D33262F} = {47D1D586-B005-4CE7-9D30-42D2E5CCC2EB}
		{07B54972-7287-44D3-AE51-72537529293C} = {47D1D586-B005-4CE7-9D30-42D2E5CCC2EB}
		{B503A38E-4C39-4845-B6BD-7091F5A39876} = {659733BE-6E06-42A4-BB0A-BE9DB129777F}
		{DD8B41B8-C9BA-497D-A658-46F4D93A7F4D} = {659733BE-6E06-42A4-BB0A-BE9DB129777F}
		{350CAAD0-FE4B-4F7D-B63F-087EE744C411} = {E9BFE959-EACF-4DDD-B376-EF8CFB877EB5}
		{69A0645F-9249-4895-8AA5-64C74CD7DE92} = {E9BFE959-EACF-4DDD-B376-EF8CFB877EB5}
		{76AACDFD-CEAD-48FD-B254-8B8C8FE167B6} = {B88DBA92-4647-43EF-86DA-CEC4AC176416}
		{2D4EBED9-EF82-42B9-886D-6EB118B71C5C} = {B88DBA92-4647-43EF-86DA-CEC4AC176416}
		{E2459BFB-1D4F-4049-85B7-4CA7E4E5C244} = {DD52DBC7-C583-4B3A-AC56-A29F1E4A21B4}
		{5C9F72D1-D073-4DA0-9A31-7A9078C1D109} = {DD52DBC7-C583-4B3A-AC56-A29F1E4A21B4}
		{7F095485-D5BD-488B-AF5E-952FC548A911} = {DD52DBC7-C583-4B3A-AC56-A29F1E4A21B4}
		{58879034-3872-421E-B712-336AB5CE7A9E} = {DD52DBC7-C583-4B3A-AC56-A29F1E4A21B4}
		{78B5CB3E-8225-4FB4-8E49-EB6CDD778B7E} = {DD52DBC7-C583-4B3A-AC56-A29F1E4A21B4}
		{49AFE140-93BB-45EF-B2F4-5E3A193AB245} = {39B5F0AA-4459-421B-A80F-0AF36A6D300E}
		{91E9DE2B-CE67-4329-8F1D-AAF34F71DFEB} = {39B5F0AA-4459-421B-A80F-0AF36A6D300E}
		{CC4762C9-A29E-4F2A-B85B-AFA17ED42095} = {39B5F0AA-4459-421B-A80F-0AF36A6D300E}
		{9F44BE9E-A952-4C2D-BDE5-C212822C4DB4} = {39B5F0AA-4459-421B-A80F-0AF36A6D300E}
		{FC751547-6A9D-41F3-8F38-DC477BBC0940} = {D71EA616-C358-4820-BF76-1C11FF591128}
		{54CF6955-9CFC-4E80-B2B0-83E31ABA86CF} = {D71EA616-C358-4820-BF76-1C11FF591128}
		{C48DAE58-ED89-49EA-AC85-7E4D7FB567A0} = {D71EA616-C358-4820-BF76-1C11FF591128}
		{5B69979E-37E2-4B91-930D-C0C04385D9CB} = {D71EA616-C358-4820-BF76-1C11FF591128}
		{DDAE656B-1CEB-4361-910A-4002A961DAC9} = {4B8E187B-27DF-4B58-9E93-BE36E514B02C}
		{C1ECBCC7-613A-42A9-9C1E-F39B57DECCDA} = {4B8E187B-27DF-4B58-9E93-BE36E514B02C}
		{A766A6C3-8539-4588-9DE4-C307CEB6D56B} = {95588C31-0796-4D3A-AFC0-5972D7BC5650}
		{15B917F8-F0D4-4A96-A8D8-178D87B5F94C} = {95588C31-0796-4D3A-AFC0-5972D7BC5650}
		{BAAD0036-B31B-4E5B-9B58-36BB9203EC37} = {3694F7D6-1B1E-4856-97C1-6EF60277DD5B}
		{408AEFDD-44EC-4D16-A916-088926364FB3} = {3694F7D6-1B1E-4856-97C1-6EF60277DD5B}
		{87731169-E6AA-421F-A244-782C0EC58D83} = {E6C0D48F-2AED-4996-9B40-588929460B34}
		{8C320576-4CC1-4970-A2CE-8B0D310AD417} = {87731169-E6AA-421F-A244-782C0EC58D83}
		{6C1101B9-34CD-43EB-9325-00805941CDA8} = {E6C0D48F-2AED-4996-9B40-588929460B34}
		{C89D2244-9935-41CD-A2CA-5E24A2074BC5} = {6C1101B9-34CD-43EB-9325-00805941CDA8}
		{93F5B86B-E624-4087-9D74-71A268EBF0F6} = {6C1101B9-34CD-43EB-9325-00805941CDA8}
		{30CBE543-626B-4F3E-B429-482A10214193} = {E6C0D48F-2AED-4996-9B40-588929460B34}
		{9488C925-24E5-4617-B1E2-2F03C83E2052} = {30CBE543-626B-4F3E-B429-482A10214193}
		{43126821-4751-489B-8303-BBBE7E8F65F1} = {30CBE543-626B-4F3E-B429-482A10214193}
		{C456AEC9-2211-4DDF-A90C-7A5C651DDF96} = {E6C0D48F-2AED-4996-9B40-588929460B34}
		{BF378142-0B69-46AC-A028-502C2E74F540} = {C456AEC9-2211-4DDF-A90C-7A5C651DDF96}
		{4EBF46CD-47B7-44C0-9F5E-C1917F75C907} = {C456AEC9-2211-4DDF-A90C-7A5C651DDF96}
		{3E916133-E574-4BC5-9DD4-9FD25FCDBB8E} = {E6C0D48F-2AED-4996-9B40-588929460B34}
		{34AF9E90-7B1D-400E-B400-9BA9183FDD36} = {3E916133-E574-4BC5-9DD4-9FD25FCDBB8E}
		{8BE309D2-7A52-4690-A782-D2FD090138D8} = {E6C0D48F-2AED-4996-9B40-588929460B34}
		{46077360-B797-44A3-9E68-6C415BE4FFF9} = {8BE309D2-7A52-4690-A782-D2FD090138D8}
		{C4C7BE4F-CEEF-4CB6-9F44-867E03EF6217} = {8BE309D2-7A52-4690-A782-D2FD090138D8}
		{B5C23ECB-EED5-44F2-9C9F-E17B6BFCFE98} = {E6C0D48F-2AED-4996-9B40-588929460B34}
		{0B8CAD58-EAFE-4764-AA83-D4C8940D8989} = {B5C23ECB-EED5-44F2-9C9F-E17B6BFCFE98}
		{D6A32E0A-8628-45EC-B329-591819BE9194} = {E6C0D48F-2AED-4996-9B40-588929460B34}
		{150D8C9E-1461-4F74-A37D-C3EAB30B609F} = {D6A32E0A-8628-45EC-B329-591819BE9194}
		{3DBB1B64-08B0-4CD4-AC0D-7DA9C8A716B3} = {E6C0D48F-2AED-4996-9B40-588929460B34}
		{78C2D515-17B8-4404-9B27-75898598EA6E} = {3DBB1B64-08B0-4CD4-AC0D-7DA9C8A716B3}
		{8C5EB1C7-E8F3-4C96-9D55-402FD09706F8} = {E6C0D48F-2AED-4996-9B40-588929460B34}
		{0043FC05-DF4D-47DA-AA1D-3335CA17C05F} = {8C5EB1C7-E8F3-4C96-9D55-402FD09706F8}
		{3559E2E9-74E1-4FFC-A241-DAA43230D41D} = {E6C0D48F-2AED-4996-9B40-588929460B34}
		{06B8EAF5-BD11-4FC7-AAB3-11695421495B} = {3559E2E9-74E1-4FFC-A241-DAA43230D41D}
		{4BADA3D0-36B6-4806-94BA-A401D59D9BD5} = {3559E2E9-74E1-4FFC-A241-DAA43230D41D}
		{B5B487A5-8CF8-4863-92EC-4D05DF65E9EC} = {3559E2E9-74E1-4FFC-A241-DAA43230D41D}
		{9149CA61-D77D-4E65-90AA-9A8AF03D9E43} = {96EBBC18-D185-4E4B-AF4A-D412B5C885E6}
		{D24FE96D-E7AB-4213-A684-769D01B8A183} = {96EBBC18-D185-4E4B-AF4A-D412B5C885E6}
		{5B20200F-02FE-4DA6-BB2F-27D79FE3D474} = {D774B1DE-2456-4631-8FE2-3EA29933B258}
		{947232D3-CAF2-4819-A8EE-823A09C30337} = {D774B1DE-2456-4631-8FE2-3EA29933B258}
		{F5D5E22C-AC40-4E4A-B132-5D299F417707} = {D774B1DE-2456-4631-8FE2-3EA29933B258}
		{7B1911F2-0FA7-4654-B069-670891FD8E30} = {47D1D586-B005-4CE7-9D30-42D2E5CCC2EB}
		{3DB8E8D6-69DC-47B1-B7F7-9BD1E3785324} = {7B1911F2-0FA7-4654-B069-670891FD8E30}
		{210CC8B4-428D-4C3D-9FC8-D5467364FA95} = {7B1911F2-0FA7-4654-B069-670891FD8E30}
		{9436D823-F932-4CD5-918C-17DC30BDB9A0} = {7B1911F2-0FA7-4654-B069-670891FD8E30}
	EndGlobalSection
	GlobalSection(ExtensibilityGlobals) = postSolution
		SolutionGuid = {53B21E0A-9760-4C7E-8D2F-561FFAFA23AE}
	EndGlobalSection
EndGlobal
