
Microsoft Visual Studio Solution File, Format Version 12.00
# Visual Studio 2012
Project("{f2a71f9b-5d33-465a-a702-920d77279786}") = "GameOfLife", "GameOfLife\GameOfLife.fsproj", "{7EE93678-E8B6-4186-83E9-DB183050138B}"
EndProject
Global
	GlobalSection(SolutionConfigurationPlatforms) = preSolution
		Debug|x86 = Debug|x86
		Release|x86 = Release|x86
	EndGlobalSection
	GlobalSection(ProjectConfigurationPlatforms) = postSolution
		{7EE93678-E8B6-4186-83E9-DB183050138B}.Debug|x86.ActiveCfg = Debug|x86
		{7EE93678-E8B6-4186-83E9-DB183050138B}.Debug|x86.Build.0 = Debug|x86
		{7EE93678-E8B6-4186-83E9-DB183050138B}.Release|x86.ActiveCfg = Release|x86
		{7EE93678-E8B6-4186-83E9-DB183050138B}.Release|x86.Build.0 = Release|x86
	EndGlobalSection
	GlobalSection(MonoDevelopProperties) = preSolution
		Policies = $0
		$0.DotNetNamingPolicy = $1
		$1.DirectoryNamespaceAssociation = None
		$1.ResourceNamePolicy = FileFormatDefault
		$0.TextStylePolicy = $2
		$2.FileWidth = 120
		$2.inheritsSet = VisualStudio
		$2.inheritsScope = text/plain
		$2.scope = text/x-fsharp
		$0.FSharpFormattingPolicy = $3
		$3.DefaultFormat = $4
		$4.IndentOnTryWith = False
		$4.ReorderOpenDeclaration = False
		$4.SpaceAfterComma = True
		$4.SpaceAfterSemicolon = True
		$4.SpaceAroundDelimiter = True
		$4.SpaceBeforeArgument = True
		$4.SpaceBeforeColon = True
		$3.scope = text/x-fsharp
	EndGlobalSection
EndGlobal
