
Microsoft Visual Studio Solution File, Format Version 12.00
# Visual Studio 15
VisualStudioVersion = 15.0.26430.16
MinimumVisualStudioVersion = 10.0.40219.1
Project("{F2A71F9B-5D33-465A-A702-920D77279786}") = "StockTicker.Server", "StockTicker.Server\StockTicker.Server.fsproj", "{33177EFC-CE43-4970-8DD6-0BA3D993B11A}"
EndProject
Project("{FAE04EC0-301F-11D3-BF4B-00C04F79EFBC}") = "StockTicker.Client", "StockTicker.Client\StockTicker.Client.csproj", "{A00099BC-5A71-4CDC-B0AF-D23BAA14F0A0}"
EndProject
Project("{FAE04EC0-301F-11D3-BF4B-00C04F79EFBC}") = "StockTicker.Client.iOS", "iOS\StockTicker.Client.iOS.csproj", "{6E257AB9-5E3B-42D8-B1AC-51C5C2C44349}"
EndProject
Project("{F2A71F9B-5D33-465A-A702-920D77279786}") = "StockTicker.Core", "StockTicker.Core\StockTicker.Core.fsproj", "{7A23BE9C-7EC8-44FA-AB0E-0C3EF3B1560E}"
EndProject
Project("{FAE04EC0-301F-11D3-BF4B-00C04F79EFBC}") = "StockTicker.Client.WPF", "StockTicker.Client.WPF\StockTicker.Client.WPF.csproj", "{42A5EC30-678C-41CD-B423-C2B2140DD0A5}"
EndProject
Global
	GlobalSection(SolutionConfigurationPlatforms) = preSolution
		Debug|Any CPU = Debug|Any CPU
		Debug|ARM = Debug|ARM
		Debug|iPhone = Debug|iPhone
		Debug|iPhoneSimulator = Debug|iPhoneSimulator
		Debug|x64 = Debug|x64
		Debug|x86 = Debug|x86
		Release|Any CPU = Release|Any CPU
		Release|ARM = Release|ARM
		Release|iPhone = Release|iPhone
		Release|iPhoneSimulator = Release|iPhoneSimulator
		Release|x64 = Release|x64
		Release|x86 = Release|x86
	EndGlobalSection
	GlobalSection(ProjectConfigurationPlatforms) = postSolution
		{33177EFC-CE43-4970-8DD6-0BA3D993B11A}.Debug|Any CPU.ActiveCfg = Debug|Any CPU
		{33177EFC-CE43-4970-8DD6-0BA3D993B11A}.Debug|Any CPU.Build.0 = Debug|Any CPU
		{33177EFC-CE43-4970-8DD6-0BA3D993B11A}.Debug|ARM.ActiveCfg = Debug|Any CPU
		{33177EFC-CE43-4970-8DD6-0BA3D993B11A}.Debug|ARM.Build.0 = Debug|Any CPU
		{33177EFC-CE43-4970-8DD6-0BA3D993B11A}.Debug|iPhone.ActiveCfg = Debug|Any CPU
		{33177EFC-CE43-4970-8DD6-0BA3D993B11A}.Debug|iPhone.Build.0 = Debug|Any CPU
		{33177EFC-CE43-4970-8DD6-0BA3D993B11A}.Debug|iPhoneSimulator.ActiveCfg = Debug|Any CPU
		{33177EFC-CE43-4970-8DD6-0BA3D993B11A}.Debug|iPhoneSimulator.Build.0 = Debug|Any CPU
		{33177EFC-CE43-4970-8DD6-0BA3D993B11A}.Debug|x64.ActiveCfg = Debug|Any CPU
		{33177EFC-CE43-4970-8DD6-0BA3D993B11A}.Debug|x64.Build.0 = Debug|Any CPU
		{33177EFC-CE43-4970-8DD6-0BA3D993B11A}.Debug|x86.ActiveCfg = Debug|Any CPU
		{33177EFC-CE43-4970-8DD6-0BA3D993B11A}.Debug|x86.Build.0 = Debug|Any CPU
		{33177EFC-CE43-4970-8DD6-0BA3D993B11A}.Release|Any CPU.ActiveCfg = Release|Any CPU
		{33177EFC-CE43-4970-8DD6-0BA3D993B11A}.Release|Any CPU.Build.0 = Release|Any CPU
		{33177EFC-CE43-4970-8DD6-0BA3D993B11A}.Release|ARM.ActiveCfg = Release|Any CPU
		{33177EFC-CE43-4970-8DD6-0BA3D993B11A}.Release|ARM.Build.0 = Release|Any CPU
		{33177EFC-CE43-4970-8DD6-0BA3D993B11A}.Release|iPhone.ActiveCfg = Release|Any CPU
		{33177EFC-CE43-4970-8DD6-0BA3D993B11A}.Release|iPhone.Build.0 = Release|Any CPU
		{33177EFC-CE43-4970-8DD6-0BA3D993B11A}.Release|iPhoneSimulator.ActiveCfg = Release|Any CPU
		{33177EFC-CE43-4970-8DD6-0BA3D993B11A}.Release|iPhoneSimulator.Build.0 = Release|Any CPU
		{33177EFC-CE43-4970-8DD6-0BA3D993B11A}.Release|x64.ActiveCfg = Release|Any CPU
		{33177EFC-CE43-4970-8DD6-0BA3D993B11A}.Release|x64.Build.0 = Release|Any CPU
		{33177EFC-CE43-4970-8DD6-0BA3D993B11A}.Release|x86.ActiveCfg = Release|Any CPU
		{33177EFC-CE43-4970-8DD6-0BA3D993B11A}.Release|x86.Build.0 = Release|Any CPU
		{A00099BC-5A71-4CDC-B0AF-D23BAA14F0A0}.Debug|Any CPU.ActiveCfg = Debug|Any CPU
		{A00099BC-5A71-4CDC-B0AF-D23BAA14F0A0}.Debug|Any CPU.Build.0 = Debug|Any CPU
		{A00099BC-5A71-4CDC-B0AF-D23BAA14F0A0}.Debug|ARM.ActiveCfg = Debug|Any CPU
		{A00099BC-5A71-4CDC-B0AF-D23BAA14F0A0}.Debug|ARM.Build.0 = Debug|Any CPU
		{A00099BC-5A71-4CDC-B0AF-D23BAA14F0A0}.Debug|iPhone.ActiveCfg = Debug|Any CPU
		{A00099BC-5A71-4CDC-B0AF-D23BAA14F0A0}.Debug|iPhone.Build.0 = Debug|Any CPU
		{A00099BC-5A71-4CDC-B0AF-D23BAA14F0A0}.Debug|iPhoneSimulator.ActiveCfg = Debug|Any CPU
		{A00099BC-5A71-4CDC-B0AF-D23BAA14F0A0}.Debug|iPhoneSimulator.Build.0 = Debug|Any CPU
		{A00099BC-5A71-4CDC-B0AF-D23BAA14F0A0}.Debug|x64.ActiveCfg = Debug|Any CPU
		{A00099BC-5A71-4CDC-B0AF-D23BAA14F0A0}.Debug|x64.Build.0 = Debug|Any CPU
		{A00099BC-5A71-4CDC-B0AF-D23BAA14F0A0}.Debug|x86.ActiveCfg = Debug|Any CPU
		{A00099BC-5A71-4CDC-B0AF-D23BAA14F0A0}.Debug|x86.Build.0 = Debug|Any CPU
		{A00099BC-5A71-4CDC-B0AF-D23BAA14F0A0}.Release|Any CPU.ActiveCfg = Release|Any CPU
		{A00099BC-5A71-4CDC-B0AF-D23BAA14F0A0}.Release|Any CPU.Build.0 = Release|Any CPU
		{A00099BC-5A71-4CDC-B0AF-D23BAA14F0A0}.Release|ARM.ActiveCfg = Release|Any CPU
		{A00099BC-5A71-4CDC-B0AF-D23BAA14F0A0}.Release|ARM.Build.0 = Release|Any CPU
		{A00099BC-5A71-4CDC-B0AF-D23BAA14F0A0}.Release|iPhone.ActiveCfg = Release|Any CPU
		{A00099BC-5A71-4CDC-B0AF-D23BAA14F0A0}.Release|iPhone.Build.0 = Release|Any CPU
		{A00099BC-5A71-4CDC-B0AF-D23BAA14F0A0}.Release|iPhoneSimulator.ActiveCfg = Release|Any CPU
		{A00099BC-5A71-4CDC-B0AF-D23BAA14F0A0}.Release|iPhoneSimulator.Build.0 = Release|Any CPU
		{A00099BC-5A71-4CDC-B0AF-D23BAA14F0A0}.Release|x64.ActiveCfg = Release|Any CPU
		{A00099BC-5A71-4CDC-B0AF-D23BAA14F0A0}.Release|x64.Build.0 = Release|Any CPU
		{A00099BC-5A71-4CDC-B0AF-D23BAA14F0A0}.Release|x86.ActiveCfg = Release|Any CPU
		{A00099BC-5A71-4CDC-B0AF-D23BAA14F0A0}.Release|x86.Build.0 = Release|Any CPU
		{6E257AB9-5E3B-42D8-B1AC-51C5C2C44349}.Debug|Any CPU.ActiveCfg = Debug|iPhoneSimulator
		{6E257AB9-5E3B-42D8-B1AC-51C5C2C44349}.Debug|Any CPU.Build.0 = Debug|iPhoneSimulator
		{6E257AB9-5E3B-42D8-B1AC-51C5C2C44349}.Debug|ARM.ActiveCfg = Debug|iPhone
		{6E257AB9-5E3B-42D8-B1AC-51C5C2C44349}.Debug|iPhone.ActiveCfg = Debug|iPhone
		{6E257AB9-5E3B-42D8-B1AC-51C5C2C44349}.Debug|iPhone.Build.0 = Debug|iPhone
		{6E257AB9-5E3B-42D8-B1AC-51C5C2C44349}.Debug|iPhoneSimulator.ActiveCfg = Debug|iPhoneSimulator
		{6E257AB9-5E3B-42D8-B1AC-51C5C2C44349}.Debug|iPhoneSimulator.Build.0 = Debug|iPhoneSimulator
		{6E257AB9-5E3B-42D8-B1AC-51C5C2C44349}.Debug|x64.ActiveCfg = Debug|iPhone
		{6E257AB9-5E3B-42D8-B1AC-51C5C2C44349}.Debug|x86.ActiveCfg = Debug|iPhone
		{6E257AB9-5E3B-42D8-B1AC-51C5C2C44349}.Release|Any CPU.ActiveCfg = Release|iPhone
		{6E257AB9-5E3B-42D8-B1AC-51C5C2C44349}.Release|Any CPU.Build.0 = Release|iPhone
		{6E257AB9-5E3B-42D8-B1AC-51C5C2C44349}.Release|ARM.ActiveCfg = Release|iPhoneSimulator
		{6E257AB9-5E3B-42D8-B1AC-51C5C2C44349}.Release|iPhone.ActiveCfg = Release|iPhone
		{6E257AB9-5E3B-42D8-B1AC-51C5C2C44349}.Release|iPhone.Build.0 = Release|iPhone
		{6E257AB9-5E3B-42D8-B1AC-51C5C2C44349}.Release|iPhoneSimulator.ActiveCfg = Release|iPhoneSimulator
		{6E257AB9-5E3B-42D8-B1AC-51C5C2C44349}.Release|iPhoneSimulator.Build.0 = Release|iPhoneSimulator
		{6E257AB9-5E3B-42D8-B1AC-51C5C2C44349}.Release|x64.ActiveCfg = Release|iPhoneSimulator
		{6E257AB9-5E3B-42D8-B1AC-51C5C2C44349}.Release|x86.ActiveCfg = Release|iPhoneSimulator
		{7A23BE9C-7EC8-44FA-AB0E-0C3EF3B1560E}.Debug|Any CPU.ActiveCfg = Debug|Any CPU
		{7A23BE9C-7EC8-44FA-AB0E-0C3EF3B1560E}.Debug|Any CPU.Build.0 = Debug|Any CPU
		{7A23BE9C-7EC8-44FA-AB0E-0C3EF3B1560E}.Debug|ARM.ActiveCfg = Debug|Any CPU
		{7A23BE9C-7EC8-44FA-AB0E-0C3EF3B1560E}.Debug|ARM.Build.0 = Debug|Any CPU
		{7A23BE9C-7EC8-44FA-AB0E-0C3EF3B1560E}.Debug|iPhone.ActiveCfg = Debug|Any CPU
		{7A23BE9C-7EC8-44FA-AB0E-0C3EF3B1560E}.Debug|iPhone.Build.0 = Debug|Any CPU
		{7A23BE9C-7EC8-44FA-AB0E-0C3EF3B1560E}.Debug|iPhoneSimulator.ActiveCfg = Debug|Any CPU
		{7A23BE9C-7EC8-44FA-AB0E-0C3EF3B1560E}.Debug|iPhoneSimulator.Build.0 = Debug|Any CPU
		{7A23BE9C-7EC8-44FA-AB0E-0C3EF3B1560E}.Debug|x64.ActiveCfg = Debug|Any CPU
		{7A23BE9C-7EC8-44FA-AB0E-0C3EF3B1560E}.Debug|x64.Build.0 = Debug|Any CPU
		{7A23BE9C-7EC8-44FA-AB0E-0C3EF3B1560E}.Debug|x86.ActiveCfg = Debug|Any CPU
		{7A23BE9C-7EC8-44FA-AB0E-0C3EF3B1560E}.Debug|x86.Build.0 = Debug|Any CPU
		{7A23BE9C-7EC8-44FA-AB0E-0C3EF3B1560E}.Release|Any CPU.ActiveCfg = Release|Any CPU
		{7A23BE9C-7EC8-44FA-AB0E-0C3EF3B1560E}.Release|Any CPU.Build.0 = Release|Any CPU
		{7A23BE9C-7EC8-44FA-AB0E-0C3EF3B1560E}.Release|ARM.ActiveCfg = Release|Any CPU
		{7A23BE9C-7EC8-44FA-AB0E-0C3EF3B1560E}.Release|ARM.Build.0 = Release|Any CPU
		{7A23BE9C-7EC8-44FA-AB0E-0C3EF3B1560E}.Release|iPhone.ActiveCfg = Release|Any CPU
		{7A23BE9C-7EC8-44FA-AB0E-0C3EF3B1560E}.Release|iPhone.Build.0 = Release|Any CPU
		{7A23BE9C-7EC8-44FA-AB0E-0C3EF3B1560E}.Release|iPhoneSimulator.ActiveCfg = Release|Any CPU
		{7A23BE9C-7EC8-44FA-AB0E-0C3EF3B1560E}.Release|iPhoneSimulator.Build.0 = Release|Any CPU
		{7A23BE9C-7EC8-44FA-AB0E-0C3EF3B1560E}.Release|x64.ActiveCfg = Release|Any CPU
		{7A23BE9C-7EC8-44FA-AB0E-0C3EF3B1560E}.Release|x64.Build.0 = Release|Any CPU
		{7A23BE9C-7EC8-44FA-AB0E-0C3EF3B1560E}.Release|x86.ActiveCfg = Release|Any CPU
		{7A23BE9C-7EC8-44FA-AB0E-0C3EF3B1560E}.Release|x86.Build.0 = Release|Any CPU
		{42A5EC30-678C-41CD-B423-C2B2140DD0A5}.Debug|Any CPU.ActiveCfg = Debug|Any CPU
		{42A5EC30-678C-41CD-B423-C2B2140DD0A5}.Debug|Any CPU.Build.0 = Debug|Any CPU
		{42A5EC30-678C-41CD-B423-C2B2140DD0A5}.Debug|ARM.ActiveCfg = Debug|Any CPU
		{42A5EC30-678C-41CD-B423-C2B2140DD0A5}.Debug|ARM.Build.0 = Debug|Any CPU
		{42A5EC30-678C-41CD-B423-C2B2140DD0A5}.Debug|iPhone.ActiveCfg = Debug|Any CPU
		{42A5EC30-678C-41CD-B423-C2B2140DD0A5}.Debug|iPhone.Build.0 = Debug|Any CPU
		{42A5EC30-678C-41CD-B423-C2B2140DD0A5}.Debug|iPhoneSimulator.ActiveCfg = Debug|Any CPU
		{42A5EC30-678C-41CD-B423-C2B2140DD0A5}.Debug|iPhoneSimulator.Build.0 = Debug|Any CPU
		{42A5EC30-678C-41CD-B423-C2B2140DD0A5}.Debug|x64.ActiveCfg = Debug|Any CPU
		{42A5EC30-678C-41CD-B423-C2B2140DD0A5}.Debug|x64.Build.0 = Debug|Any CPU
		{42A5EC30-678C-41CD-B423-C2B2140DD0A5}.Debug|x86.ActiveCfg = Debug|Any CPU
		{42A5EC30-678C-41CD-B423-C2B2140DD0A5}.Debug|x86.Build.0 = Debug|Any CPU
		{42A5EC30-678C-41CD-B423-C2B2140DD0A5}.Release|Any CPU.ActiveCfg = Release|Any CPU
		{42A5EC30-678C-41CD-B423-C2B2140DD0A5}.Release|Any CPU.Build.0 = Release|Any CPU
		{42A5EC30-678C-41CD-B423-C2B2140DD0A5}.Release|ARM.ActiveCfg = Release|Any CPU
		{42A5EC30-678C-41CD-B423-C2B2140DD0A5}.Release|ARM.Build.0 = Release|Any CPU
		{42A5EC30-678C-41CD-B423-C2B2140DD0A5}.Release|iPhone.ActiveCfg = Release|Any CPU
		{42A5EC30-678C-41CD-B423-C2B2140DD0A5}.Release|iPhone.Build.0 = Release|Any CPU
		{42A5EC30-678C-41CD-B423-C2B2140DD0A5}.Release|iPhoneSimulator.ActiveCfg = Release|Any CPU
		{42A5EC30-678C-41CD-B423-C2B2140DD0A5}.Release|iPhoneSimulator.Build.0 = Release|Any CPU
		{42A5EC30-678C-41CD-B423-C2B2140DD0A5}.Release|x64.ActiveCfg = Release|Any CPU
		{42A5EC30-678C-41CD-B423-C2B2140DD0A5}.Release|x64.Build.0 = Release|Any CPU
		{42A5EC30-678C-41CD-B423-C2B2140DD0A5}.Release|x86.ActiveCfg = Release|Any CPU
		{42A5EC30-678C-41CD-B423-C2B2140DD0A5}.Release|x86.Build.0 = Release|Any CPU
	EndGlobalSection
	GlobalSection(SolutionProperties) = preSolution
		HideSolutionNode = FALSE
	EndGlobalSection
EndGlobal
