
Microsoft Visual Studio Solution File, Format Version 12.00
# Visual Studio 2013
VisualStudioVersion = 12.0.31101.0
MinimumVisualStudioVersion = 10.0.40219.1
Project("{FAE04EC0-301F-11D3-BF4B-00C04F79EFBC}") = "GridDemo", "GridDemo\GridDemo.csproj", "{BA7A6553-65BD-4704-A4B9-1814FBFC6197}"
EndProject
Project("{FAE04EC0-301F-11D3-BF4B-00C04F79EFBC}") = "GridDemo.iOS", "iOS\GridDemo.iOS.csproj", "{3FFC6642-17DC-488A-9F57-6637E971DED4}"
EndProject
Project("{FAE04EC0-301F-11D3-BF4B-00C04F79EFBC}") = "GridDemo.Android", "Android\GridDemo.Android.csproj", "{3C6F39C3-5C34-47CC-9D22-E0BBD8249E9D}"
EndProject
Project("{FAE04EC0-301F-11D3-BF4B-00C04F79EFBC}") = "GridDemo.WinPhone", "WinPhone\GridDemo.WinPhone.csproj", "{BF9763EC-071B-439C-B8FC-18D54A8BE8F1}"
EndProject
Global
	GlobalSection(SolutionConfigurationPlatforms) = preSolution
		Ad-Hoc|Any CPU = Ad-Hoc|Any CPU
		Ad-Hoc|ARM = Ad-Hoc|ARM
		Ad-Hoc|iPhone = Ad-Hoc|iPhone
		Ad-Hoc|iPhoneSimulator = Ad-Hoc|iPhoneSimulator
		Ad-Hoc|x86 = Ad-Hoc|x86
		AppStore|Any CPU = AppStore|Any CPU
		AppStore|ARM = AppStore|ARM
		AppStore|iPhone = AppStore|iPhone
		AppStore|iPhoneSimulator = AppStore|iPhoneSimulator
		AppStore|x86 = AppStore|x86
		Debug|Any CPU = Debug|Any CPU
		Debug|ARM = Debug|ARM
		Debug|iPhone = Debug|iPhone
		Debug|iPhoneSimulator = Debug|iPhoneSimulator
		Debug|x86 = Debug|x86
		Release|Any CPU = Release|Any CPU
		Release|ARM = Release|ARM
		Release|iPhone = Release|iPhone
		Release|iPhoneSimulator = Release|iPhoneSimulator
		Release|x86 = Release|x86
	EndGlobalSection
	GlobalSection(ProjectConfigurationPlatforms) = postSolution
		{BA7A6553-65BD-4704-A4B9-1814FBFC6197}.Ad-Hoc|Any CPU.ActiveCfg = Release|Any CPU
		{BA7A6553-65BD-4704-A4B9-1814FBFC6197}.Ad-Hoc|Any CPU.Build.0 = Release|Any CPU
		{BA7A6553-65BD-4704-A4B9-1814FBFC6197}.Ad-Hoc|ARM.ActiveCfg = Debug|Any CPU
		{BA7A6553-65BD-4704-A4B9-1814FBFC6197}.Ad-Hoc|iPhone.ActiveCfg = Debug|Any CPU
		{BA7A6553-65BD-4704-A4B9-1814FBFC6197}.Ad-Hoc|iPhone.Build.0 = Debug|Any CPU
		{BA7A6553-65BD-4704-A4B9-1814FBFC6197}.Ad-Hoc|iPhoneSimulator.ActiveCfg = Release|Any CPU
		{BA7A6553-65BD-4704-A4B9-1814FBFC6197}.Ad-Hoc|x86.ActiveCfg = Debug|Any CPU
		{BA7A6553-65BD-4704-A4B9-1814FBFC6197}.AppStore|Any CPU.ActiveCfg = Release|Any CPU
		{BA7A6553-65BD-4704-A4B9-1814FBFC6197}.AppStore|Any CPU.Build.0 = Release|Any CPU
		{BA7A6553-65BD-4704-A4B9-1814FBFC6197}.AppStore|ARM.ActiveCfg = Debug|Any CPU
		{BA7A6553-65BD-4704-A4B9-1814FBFC6197}.AppStore|iPhone.ActiveCfg = Debug|Any CPU
		{BA7A6553-65BD-4704-A4B9-1814FBFC6197}.AppStore|iPhone.Build.0 = Debug|Any CPU
		{BA7A6553-65BD-4704-A4B9-1814FBFC6197}.AppStore|iPhoneSimulator.ActiveCfg = Release|Any CPU
		{BA7A6553-65BD-4704-A4B9-1814FBFC6197}.AppStore|x86.ActiveCfg = Debug|Any CPU
		{BA7A6553-65BD-4704-A4B9-1814FBFC6197}.Debug|Any CPU.ActiveCfg = Debug|Any CPU
		{BA7A6553-65BD-4704-A4B9-1814FBFC6197}.Debug|Any CPU.Build.0 = Debug|Any CPU
		{BA7A6553-65BD-4704-A4B9-1814FBFC6197}.Debug|ARM.ActiveCfg = Debug|Any CPU
		{BA7A6553-65BD-4704-A4B9-1814FBFC6197}.Debug|iPhone.ActiveCfg = Debug|Any CPU
		{BA7A6553-65BD-4704-A4B9-1814FBFC6197}.Debug|iPhone.Build.0 = Debug|Any CPU
		{BA7A6553-65BD-4704-A4B9-1814FBFC6197}.Debug|iPhoneSimulator.ActiveCfg = Debug|Any CPU
		{BA7A6553-65BD-4704-A4B9-1814FBFC6197}.Debug|iPhoneSimulator.Build.0 = Debug|Any CPU
		{BA7A6553-65BD-4704-A4B9-1814FBFC6197}.Debug|x86.ActiveCfg = Debug|Any CPU
		{BA7A6553-65BD-4704-A4B9-1814FBFC6197}.Release|Any CPU.ActiveCfg = Release|Any CPU
		{BA7A6553-65BD-4704-A4B9-1814FBFC6197}.Release|Any CPU.Build.0 = Release|Any CPU
		{BA7A6553-65BD-4704-A4B9-1814FBFC6197}.Release|ARM.ActiveCfg = Release|Any CPU
		{BA7A6553-65BD-4704-A4B9-1814FBFC6197}.Release|iPhone.ActiveCfg = Release|Any CPU
		{BA7A6553-65BD-4704-A4B9-1814FBFC6197}.Release|iPhone.Build.0 = Release|Any CPU
		{BA7A6553-65BD-4704-A4B9-1814FBFC6197}.Release|iPhoneSimulator.ActiveCfg = Release|Any CPU
		{BA7A6553-65BD-4704-A4B9-1814FBFC6197}.Release|iPhoneSimulator.Build.0 = Release|Any CPU
		{BA7A6553-65BD-4704-A4B9-1814FBFC6197}.Release|x86.ActiveCfg = Release|Any CPU
		{3FFC6642-17DC-488A-9F57-6637E971DED4}.Ad-Hoc|Any CPU.ActiveCfg = Ad-Hoc|iPhoneSimulator
		{3FFC6642-17DC-488A-9F57-6637E971DED4}.Ad-Hoc|ARM.ActiveCfg = Ad-Hoc|iPhone
		{3FFC6642-17DC-488A-9F57-6637E971DED4}.Ad-Hoc|iPhone.ActiveCfg = Ad-Hoc|iPhone
		{3FFC6642-17DC-488A-9F57-6637E971DED4}.Ad-Hoc|iPhone.Build.0 = Ad-Hoc|iPhone
		{3FFC6642-17DC-488A-9F57-6637E971DED4}.Ad-Hoc|iPhoneSimulator.ActiveCfg = Ad-Hoc|iPhoneSimulator
		{3FFC6642-17DC-488A-9F57-6637E971DED4}.Ad-Hoc|iPhoneSimulator.Build.0 = Ad-Hoc|iPhoneSimulator
		{3FFC6642-17DC-488A-9F57-6637E971DED4}.Ad-Hoc|x86.ActiveCfg = Ad-Hoc|iPhone
		{3FFC6642-17DC-488A-9F57-6637E971DED4}.AppStore|Any CPU.ActiveCfg = AppStore|iPhoneSimulator
		{3FFC6642-17DC-488A-9F57-6637E971DED4}.AppStore|ARM.ActiveCfg = AppStore|iPhone
		{3FFC6642-17DC-488A-9F57-6637E971DED4}.AppStore|iPhone.ActiveCfg = AppStore|iPhone
		{3FFC6642-17DC-488A-9F57-6637E971DED4}.AppStore|iPhone.Build.0 = AppStore|iPhone
		{3FFC6642-17DC-488A-9F57-6637E971DED4}.AppStore|iPhoneSimulator.ActiveCfg = AppStore|iPhoneSimulator
		{3FFC6642-17DC-488A-9F57-6637E971DED4}.AppStore|iPhoneSimulator.Build.0 = AppStore|iPhoneSimulator
		{3FFC6642-17DC-488A-9F57-6637E971DED4}.AppStore|x86.ActiveCfg = AppStore|iPhone
		{3FFC6642-17DC-488A-9F57-6637E971DED4}.Debug|Any CPU.ActiveCfg = Debug|iPhoneSimulator
		{3FFC6642-17DC-488A-9F57-6637E971DED4}.Debug|Any CPU.Build.0 = Debug|iPhoneSimulator
		{3FFC6642-17DC-488A-9F57-6637E971DED4}.Debug|ARM.ActiveCfg = Debug|iPhone
		{3FFC6642-17DC-488A-9F57-6637E971DED4}.Debug|iPhone.ActiveCfg = Debug|iPhone
		{3FFC6642-17DC-488A-9F57-6637E971DED4}.Debug|iPhone.Build.0 = Debug|iPhone
		{3FFC6642-17DC-488A-9F57-6637E971DED4}.Debug|iPhoneSimulator.ActiveCfg = Debug|iPhoneSimulator
		{3FFC6642-17DC-488A-9F57-6637E971DED4}.Debug|iPhoneSimulator.Build.0 = Debug|iPhoneSimulator
		{3FFC6642-17DC-488A-9F57-6637E971DED4}.Debug|x86.ActiveCfg = Debug|iPhone
		{3FFC6642-17DC-488A-9F57-6637E971DED4}.Release|Any CPU.ActiveCfg = Release|iPhoneSimulator
		{3FFC6642-17DC-488A-9F57-6637E971DED4}.Release|Any CPU.Build.0 = Release|iPhoneSimulator
		{3FFC6642-17DC-488A-9F57-6637E971DED4}.Release|ARM.ActiveCfg = Release|iPhone
		{3FFC6642-17DC-488A-9F57-6637E971DED4}.Release|iPhone.ActiveCfg = Release|iPhone
		{3FFC6642-17DC-488A-9F57-6637E971DED4}.Release|iPhone.Build.0 = Release|iPhone
		{3FFC6642-17DC-488A-9F57-6637E971DED4}.Release|iPhoneSimulator.ActiveCfg = Release|iPhoneSimulator
		{3FFC6642-17DC-488A-9F57-6637E971DED4}.Release|iPhoneSimulator.Build.0 = Release|iPhoneSimulator
		{3FFC6642-17DC-488A-9F57-6637E971DED4}.Release|x86.ActiveCfg = Release|iPhone
		{3C6F39C3-5C34-47CC-9D22-E0BBD8249E9D}.Ad-Hoc|Any CPU.ActiveCfg = Release|Any CPU
		{3C6F39C3-5C34-47CC-9D22-E0BBD8249E9D}.Ad-Hoc|Any CPU.Build.0 = Release|Any CPU
		{3C6F39C3-5C34-47CC-9D22-E0BBD8249E9D}.Ad-Hoc|Any CPU.Deploy.0 = Release|Any CPU
		{3C6F39C3-5C34-47CC-9D22-E0BBD8249E9D}.Ad-Hoc|ARM.ActiveCfg = Debug|Any CPU
		{3C6F39C3-5C34-47CC-9D22-E0BBD8249E9D}.Ad-Hoc|iPhone.ActiveCfg = Debug|Any CPU
		{3C6F39C3-5C34-47CC-9D22-E0BBD8249E9D}.Ad-Hoc|iPhone.Build.0 = Debug|Any CPU
		{3C6F39C3-5C34-47CC-9D22-E0BBD8249E9D}.Ad-Hoc|iPhoneSimulator.ActiveCfg = Release|Any CPU
		{3C6F39C3-5C34-47CC-9D22-E0BBD8249E9D}.Ad-Hoc|x86.ActiveCfg = Debug|Any CPU
		{3C6F39C3-5C34-47CC-9D22-E0BBD8249E9D}.AppStore|Any CPU.ActiveCfg = Release|Any CPU
		{3C6F39C3-5C34-47CC-9D22-E0BBD8249E9D}.AppStore|Any CPU.Build.0 = Release|Any CPU
		{3C6F39C3-5C34-47CC-9D22-E0BBD8249E9D}.AppStore|Any CPU.Deploy.0 = Release|Any CPU
		{3C6F39C3-5C34-47CC-9D22-E0BBD8249E9D}.AppStore|ARM.ActiveCfg = Debug|Any CPU
		{3C6F39C3-5C34-47CC-9D22-E0BBD8249E9D}.AppStore|iPhone.ActiveCfg = Debug|Any CPU
		{3C6F39C3-5C34-47CC-9D22-E0BBD8249E9D}.AppStore|iPhone.Build.0 = Debug|Any CPU
		{3C6F39C3-5C34-47CC-9D22-E0BBD8249E9D}.AppStore|iPhoneSimulator.ActiveCfg = Release|Any CPU
		{3C6F39C3-5C34-47CC-9D22-E0BBD8249E9D}.AppStore|x86.ActiveCfg = Debug|Any CPU
		{3C6F39C3-5C34-47CC-9D22-E0BBD8249E9D}.Debug|Any CPU.ActiveCfg = Debug|Any CPU
		{3C6F39C3-5C34-47CC-9D22-E0BBD8249E9D}.Debug|Any CPU.Build.0 = Debug|Any CPU
		{3C6F39C3-5C34-47CC-9D22-E0BBD8249E9D}.Debug|Any CPU.Deploy.0 = Debug|Any CPU
		{3C6F39C3-5C34-47CC-9D22-E0BBD8249E9D}.Debug|ARM.ActiveCfg = Debug|Any CPU
		{3C6F39C3-5C34-47CC-9D22-E0BBD8249E9D}.Debug|iPhone.ActiveCfg = Debug|Any CPU
		{3C6F39C3-5C34-47CC-9D22-E0BBD8249E9D}.Debug|iPhone.Build.0 = Debug|Any CPU
		{3C6F39C3-5C34-47CC-9D22-E0BBD8249E9D}.Debug|iPhoneSimulator.ActiveCfg = Debug|Any CPU
		{3C6F39C3-5C34-47CC-9D22-E0BBD8249E9D}.Debug|iPhoneSimulator.Build.0 = Debug|Any CPU
		{3C6F39C3-5C34-47CC-9D22-E0BBD8249E9D}.Debug|x86.ActiveCfg = Debug|Any CPU
		{3C6F39C3-5C34-47CC-9D22-E0BBD8249E9D}.Release|Any CPU.ActiveCfg = Release|Any CPU
		{3C6F39C3-5C34-47CC-9D22-E0BBD8249E9D}.Release|Any CPU.Build.0 = Release|Any CPU
		{3C6F39C3-5C34-47CC-9D22-E0BBD8249E9D}.Release|ARM.ActiveCfg = Release|Any CPU
		{3C6F39C3-5C34-47CC-9D22-E0BBD8249E9D}.Release|iPhone.ActiveCfg = Release|Any CPU
		{3C6F39C3-5C34-47CC-9D22-E0BBD8249E9D}.Release|iPhone.Build.0 = Release|Any CPU
		{3C6F39C3-5C34-47CC-9D22-E0BBD8249E9D}.Release|iPhoneSimulator.ActiveCfg = Release|Any CPU
		{3C6F39C3-5C34-47CC-9D22-E0BBD8249E9D}.Release|iPhoneSimulator.Build.0 = Release|Any CPU
		{3C6F39C3-5C34-47CC-9D22-E0BBD8249E9D}.Release|x86.ActiveCfg = Release|Any CPU
		{BF9763EC-071B-439C-B8FC-18D54A8BE8F1}.Ad-Hoc|Any CPU.ActiveCfg = Release|Any CPU
		{BF9763EC-071B-439C-B8FC-18D54A8BE8F1}.Ad-Hoc|Any CPU.Build.0 = Release|Any CPU
		{BF9763EC-071B-439C-B8FC-18D54A8BE8F1}.Ad-Hoc|Any CPU.Deploy.0 = Release|Any CPU
		{BF9763EC-071B-439C-B8FC-18D54A8BE8F1}.Ad-Hoc|ARM.ActiveCfg = Release|ARM
		{BF9763EC-071B-439C-B8FC-18D54A8BE8F1}.Ad-Hoc|ARM.Build.0 = Release|ARM
		{BF9763EC-071B-439C-B8FC-18D54A8BE8F1}.Ad-Hoc|ARM.Deploy.0 = Release|ARM
		{BF9763EC-071B-439C-B8FC-18D54A8BE8F1}.Ad-Hoc|iPhone.ActiveCfg = Release|Any CPU
		{BF9763EC-071B-439C-B8FC-18D54A8BE8F1}.Ad-Hoc|iPhoneSimulator.ActiveCfg = Release|Any CPU
		{BF9763EC-071B-439C-B8FC-18D54A8BE8F1}.Ad-Hoc|x86.ActiveCfg = Release|x86
		{BF9763EC-071B-439C-B8FC-18D54A8BE8F1}.Ad-Hoc|x86.Build.0 = Release|x86
		{BF9763EC-071B-439C-B8FC-18D54A8BE8F1}.Ad-Hoc|x86.Deploy.0 = Release|x86
		{BF9763EC-071B-439C-B8FC-18D54A8BE8F1}.AppStore|Any CPU.ActiveCfg = Release|Any CPU
		{BF9763EC-071B-439C-B8FC-18D54A8BE8F1}.AppStore|Any CPU.Build.0 = Release|Any CPU
		{BF9763EC-071B-439C-B8FC-18D54A8BE8F1}.AppStore|Any CPU.Deploy.0 = Release|Any CPU
		{BF9763EC-071B-439C-B8FC-18D54A8BE8F1}.AppStore|ARM.ActiveCfg = Release|ARM
		{BF9763EC-071B-439C-B8FC-18D54A8BE8F1}.AppStore|ARM.Build.0 = Release|ARM
		{BF9763EC-071B-439C-B8FC-18D54A8BE8F1}.AppStore|ARM.Deploy.0 = Release|ARM
		{BF9763EC-071B-439C-B8FC-18D54A8BE8F1}.AppStore|iPhone.ActiveCfg = Release|Any CPU
		{BF9763EC-071B-439C-B8FC-18D54A8BE8F1}.AppStore|iPhoneSimulator.ActiveCfg = Release|Any CPU
		{BF9763EC-071B-439C-B8FC-18D54A8BE8F1}.AppStore|x86.ActiveCfg = Release|x86
		{BF9763EC-071B-439C-B8FC-18D54A8BE8F1}.AppStore|x86.Build.0 = Release|x86
		{BF9763EC-071B-439C-B8FC-18D54A8BE8F1}.AppStore|x86.Deploy.0 = Release|x86
		{BF9763EC-071B-439C-B8FC-18D54A8BE8F1}.Debug|Any CPU.ActiveCfg = Debug|Any CPU
		{BF9763EC-071B-439C-B8FC-18D54A8BE8F1}.Debug|Any CPU.Build.0 = Debug|Any CPU
		{BF9763EC-071B-439C-B8FC-18D54A8BE8F1}.Debug|Any CPU.Deploy.0 = Debug|Any CPU
		{BF9763EC-071B-439C-B8FC-18D54A8BE8F1}.Debug|ARM.ActiveCfg = Debug|ARM
		{BF9763EC-071B-439C-B8FC-18D54A8BE8F1}.Debug|ARM.Build.0 = Debug|ARM
		{BF9763EC-071B-439C-B8FC-18D54A8BE8F1}.Debug|ARM.Deploy.0 = Debug|ARM
		{BF9763EC-071B-439C-B8FC-18D54A8BE8F1}.Debug|iPhone.ActiveCfg = Debug|Any CPU
		{BF9763EC-071B-439C-B8FC-18D54A8BE8F1}.Debug|iPhoneSimulator.ActiveCfg = Debug|Any CPU
		{BF9763EC-071B-439C-B8FC-18D54A8BE8F1}.Debug|x86.ActiveCfg = Debug|x86
		{BF9763EC-071B-439C-B8FC-18D54A8BE8F1}.Debug|x86.Build.0 = Debug|x86
		{BF9763EC-071B-439C-B8FC-18D54A8BE8F1}.Debug|x86.Deploy.0 = Debug|x86
		{BF9763EC-071B-439C-B8FC-18D54A8BE8F1}.Release|Any CPU.ActiveCfg = Release|Any CPU
		{BF9763EC-071B-439C-B8FC-18D54A8BE8F1}.Release|Any CPU.Build.0 = Release|Any CPU
		{BF9763EC-071B-439C-B8FC-18D54A8BE8F1}.Release|Any CPU.Deploy.0 = Release|Any CPU
		{BF9763EC-071B-439C-B8FC-18D54A8BE8F1}.Release|ARM.ActiveCfg = Release|ARM
		{BF9763EC-071B-439C-B8FC-18D54A8BE8F1}.Release|ARM.Build.0 = Release|ARM
		{BF9763EC-071B-439C-B8FC-18D54A8BE8F1}.Release|ARM.Deploy.0 = Release|ARM
		{BF9763EC-071B-439C-B8FC-18D54A8BE8F1}.Release|iPhone.ActiveCfg = Release|Any CPU
		{BF9763EC-071B-439C-B8FC-18D54A8BE8F1}.Release|iPhoneSimulator.ActiveCfg = Release|Any CPU
		{BF9763EC-071B-439C-B8FC-18D54A8BE8F1}.Release|x86.ActiveCfg = Release|x86
		{BF9763EC-071B-439C-B8FC-18D54A8BE8F1}.Release|x86.Build.0 = Release|x86
		{BF9763EC-071B-439C-B8FC-18D54A8BE8F1}.Release|x86.Deploy.0 = Release|x86
	EndGlobalSection
	GlobalSection(SolutionProperties) = preSolution
		HideSolutionNode = FALSE
	EndGlobalSection
EndGlobal
