
Microsoft Visual Studio Solution File, Format Version 12.00
# Visual Studio 2013
VisualStudioVersion = 12.0.31101.0
MinimumVisualStudioVersion = 10.0.40219.1
Project("{FAE04EC0-301F-11D3-BF4B-00C04F79EFBC}") = "HelloGrid", "HelloGrid\HelloGrid.csproj", "{25628E9F-2429-4616-8D4A-57E67753700E}"
EndProject
Project("{FAE04EC0-301F-11D3-BF4B-00C04F79EFBC}") = "HelloGrid.iOS", "iOS\HelloGrid.iOS.csproj", "{BD5007E1-BB95-408E-9D14-84F0D1D0A70F}"
EndProject
Project("{FAE04EC0-301F-11D3-BF4B-00C04F79EFBC}") = "HelloGrid.Android", "Android\HelloGrid.Android.csproj", "{34A7792B-0CE8-4179-82F5-1EEAEC96E5A9}"
EndProject
Project("{FAE04EC0-301F-11D3-BF4B-00C04F79EFBC}") = "HelloGrid.WinPhone", "WinPhone\HelloGrid.WinPhone.csproj", "{2B6A4B5E-A240-4977-BAAC-7FCD9CB8B402}"
EndProject
Global
	GlobalSection(SolutionConfigurationPlatforms) = preSolution
		Ad-Hoc|Any CPU = Ad-Hoc|Any CPU
		Ad-Hoc|ARM = Ad-Hoc|ARM
		Ad-Hoc|iPhone = Ad-Hoc|iPhone
		Ad-Hoc|iPhoneSimulator = Ad-Hoc|iPhoneSimulator
		Ad-Hoc|x86 = Ad-Hoc|x86
		AppStore|Any CPU = AppStore|Any CPU
		AppStore|ARM = AppStore|ARM
		AppStore|iPhone = AppStore|iPhone
		AppStore|iPhoneSimulator = AppStore|iPhoneSimulator
		AppStore|x86 = AppStore|x86
		Debug|Any CPU = Debug|Any CPU
		Debug|ARM = Debug|ARM
		Debug|iPhone = Debug|iPhone
		Debug|iPhoneSimulator = Debug|iPhoneSimulator
		Debug|x86 = Debug|x86
		Release|Any CPU = Release|Any CPU
		Release|ARM = Release|ARM
		Release|iPhone = Release|iPhone
		Release|iPhoneSimulator = Release|iPhoneSimulator
		Release|x86 = Release|x86
	EndGlobalSection
	GlobalSection(ProjectConfigurationPlatforms) = postSolution
		{25628E9F-2429-4616-8D4A-57E67753700E}.Ad-Hoc|Any CPU.ActiveCfg = Release|Any CPU
		{25628E9F-2429-4616-8D4A-57E67753700E}.Ad-Hoc|ARM.ActiveCfg = Release|Any CPU
		{25628E9F-2429-4616-8D4A-57E67753700E}.Ad-Hoc|iPhone.ActiveCfg = Debug|Any CPU
		{25628E9F-2429-4616-8D4A-57E67753700E}.Ad-Hoc|iPhone.Build.0 = Debug|Any CPU
		{25628E9F-2429-4616-8D4A-57E67753700E}.Ad-Hoc|iPhoneSimulator.ActiveCfg = Release|Any CPU
		{25628E9F-2429-4616-8D4A-57E67753700E}.Ad-Hoc|x86.ActiveCfg = Release|Any CPU
		{25628E9F-2429-4616-8D4A-57E67753700E}.AppStore|Any CPU.ActiveCfg = Release|Any CPU
		{25628E9F-2429-4616-8D4A-57E67753700E}.AppStore|ARM.ActiveCfg = Release|Any CPU
		{25628E9F-2429-4616-8D4A-57E67753700E}.AppStore|iPhone.ActiveCfg = Debug|Any CPU
		{25628E9F-2429-4616-8D4A-57E67753700E}.AppStore|iPhone.Build.0 = Debug|Any CPU
		{25628E9F-2429-4616-8D4A-57E67753700E}.AppStore|iPhoneSimulator.ActiveCfg = Release|Any CPU
		{25628E9F-2429-4616-8D4A-57E67753700E}.AppStore|x86.ActiveCfg = Release|Any CPU
		{25628E9F-2429-4616-8D4A-57E67753700E}.Debug|Any CPU.ActiveCfg = Debug|Any CPU
		{25628E9F-2429-4616-8D4A-57E67753700E}.Debug|Any CPU.Build.0 = Debug|Any CPU
		{25628E9F-2429-4616-8D4A-57E67753700E}.Debug|ARM.ActiveCfg = Debug|Any CPU
		{25628E9F-2429-4616-8D4A-57E67753700E}.Debug|iPhone.ActiveCfg = Debug|Any CPU
		{25628E9F-2429-4616-8D4A-57E67753700E}.Debug|iPhone.Build.0 = Debug|Any CPU
		{25628E9F-2429-4616-8D4A-57E67753700E}.Debug|iPhoneSimulator.ActiveCfg = Debug|Any CPU
		{25628E9F-2429-4616-8D4A-57E67753700E}.Debug|iPhoneSimulator.Build.0 = Debug|Any CPU
		{25628E9F-2429-4616-8D4A-57E67753700E}.Debug|x86.ActiveCfg = Debug|Any CPU
		{25628E9F-2429-4616-8D4A-57E67753700E}.Release|Any CPU.ActiveCfg = Release|Any CPU
		{25628E9F-2429-4616-8D4A-57E67753700E}.Release|Any CPU.Build.0 = Release|Any CPU
		{25628E9F-2429-4616-8D4A-57E67753700E}.Release|ARM.ActiveCfg = Release|Any CPU
		{25628E9F-2429-4616-8D4A-57E67753700E}.Release|iPhone.ActiveCfg = Release|Any CPU
		{25628E9F-2429-4616-8D4A-57E67753700E}.Release|iPhone.Build.0 = Release|Any CPU
		{25628E9F-2429-4616-8D4A-57E67753700E}.Release|iPhoneSimulator.ActiveCfg = Release|Any CPU
		{25628E9F-2429-4616-8D4A-57E67753700E}.Release|iPhoneSimulator.Build.0 = Release|Any CPU
		{25628E9F-2429-4616-8D4A-57E67753700E}.Release|x86.ActiveCfg = Release|Any CPU
		{BD5007E1-BB95-408E-9D14-84F0D1D0A70F}.Ad-Hoc|Any CPU.ActiveCfg = Ad-Hoc|iPhone
		{BD5007E1-BB95-408E-9D14-84F0D1D0A70F}.Ad-Hoc|ARM.ActiveCfg = Ad-Hoc|iPhone
		{BD5007E1-BB95-408E-9D14-84F0D1D0A70F}.Ad-Hoc|iPhone.ActiveCfg = Ad-Hoc|iPhone
		{BD5007E1-BB95-408E-9D14-84F0D1D0A70F}.Ad-Hoc|iPhone.Build.0 = Ad-Hoc|iPhone
		{BD5007E1-BB95-408E-9D14-84F0D1D0A70F}.Ad-Hoc|iPhoneSimulator.ActiveCfg = Ad-Hoc|iPhone
		{BD5007E1-BB95-408E-9D14-84F0D1D0A70F}.Ad-Hoc|x86.ActiveCfg = Ad-Hoc|iPhone
		{BD5007E1-BB95-408E-9D14-84F0D1D0A70F}.AppStore|Any CPU.ActiveCfg = AppStore|iPhone
		{BD5007E1-BB95-408E-9D14-84F0D1D0A70F}.AppStore|ARM.ActiveCfg = AppStore|iPhone
		{BD5007E1-BB95-408E-9D14-84F0D1D0A70F}.AppStore|iPhone.ActiveCfg = AppStore|iPhone
		{BD5007E1-BB95-408E-9D14-84F0D1D0A70F}.AppStore|iPhone.Build.0 = AppStore|iPhone
		{BD5007E1-BB95-408E-9D14-84F0D1D0A70F}.AppStore|iPhoneSimulator.ActiveCfg = AppStore|iPhone
		{BD5007E1-BB95-408E-9D14-84F0D1D0A70F}.AppStore|x86.ActiveCfg = AppStore|iPhone
		{BD5007E1-BB95-408E-9D14-84F0D1D0A70F}.Debug|Any CPU.ActiveCfg = Debug|iPhoneSimulator
		{BD5007E1-BB95-408E-9D14-84F0D1D0A70F}.Debug|Any CPU.Build.0 = Debug|iPhoneSimulator
		{BD5007E1-BB95-408E-9D14-84F0D1D0A70F}.Debug|ARM.ActiveCfg = Debug|iPhone
		{BD5007E1-BB95-408E-9D14-84F0D1D0A70F}.Debug|iPhone.ActiveCfg = Debug|iPhone
		{BD5007E1-BB95-408E-9D14-84F0D1D0A70F}.Debug|iPhone.Build.0 = Debug|iPhone
		{BD5007E1-BB95-408E-9D14-84F0D1D0A70F}.Debug|iPhoneSimulator.ActiveCfg = Debug|iPhoneSimulator
		{BD5007E1-BB95-408E-9D14-84F0D1D0A70F}.Debug|iPhoneSimulator.Build.0 = Debug|iPhoneSimulator
		{BD5007E1-BB95-408E-9D14-84F0D1D0A70F}.Debug|x86.ActiveCfg = Debug|iPhone
		{BD5007E1-BB95-408E-9D14-84F0D1D0A70F}.Release|Any CPU.ActiveCfg = Release|iPhoneSimulator
		{BD5007E1-BB95-408E-9D14-84F0D1D0A70F}.Release|Any CPU.Build.0 = Release|iPhoneSimulator
		{BD5007E1-BB95-408E-9D14-84F0D1D0A70F}.Release|ARM.ActiveCfg = Release|iPhone
		{BD5007E1-BB95-408E-9D14-84F0D1D0A70F}.Release|iPhone.ActiveCfg = Release|iPhone
		{BD5007E1-BB95-408E-9D14-84F0D1D0A70F}.Release|iPhone.Build.0 = Release|iPhone
		{BD5007E1-BB95-408E-9D14-84F0D1D0A70F}.Release|iPhoneSimulator.ActiveCfg = Release|iPhoneSimulator
		{BD5007E1-BB95-408E-9D14-84F0D1D0A70F}.Release|iPhoneSimulator.Build.0 = Release|iPhoneSimulator
		{BD5007E1-BB95-408E-9D14-84F0D1D0A70F}.Release|x86.ActiveCfg = Release|iPhone
		{34A7792B-0CE8-4179-82F5-1EEAEC96E5A9}.Ad-Hoc|Any CPU.ActiveCfg = Release|Any CPU
		{34A7792B-0CE8-4179-82F5-1EEAEC96E5A9}.Ad-Hoc|ARM.ActiveCfg = Release|Any CPU
		{34A7792B-0CE8-4179-82F5-1EEAEC96E5A9}.Ad-Hoc|iPhone.ActiveCfg = Debug|Any CPU
		{34A7792B-0CE8-4179-82F5-1EEAEC96E5A9}.Ad-Hoc|iPhone.Build.0 = Debug|Any CPU
		{34A7792B-0CE8-4179-82F5-1EEAEC96E5A9}.Ad-Hoc|iPhoneSimulator.ActiveCfg = Release|Any CPU
		{34A7792B-0CE8-4179-82F5-1EEAEC96E5A9}.Ad-Hoc|x86.ActiveCfg = Release|Any CPU
		{34A7792B-0CE8-4179-82F5-1EEAEC96E5A9}.AppStore|Any CPU.ActiveCfg = Release|Any CPU
		{34A7792B-0CE8-4179-82F5-1EEAEC96E5A9}.AppStore|ARM.ActiveCfg = Release|Any CPU
		{34A7792B-0CE8-4179-82F5-1EEAEC96E5A9}.AppStore|iPhone.ActiveCfg = Debug|Any CPU
		{34A7792B-0CE8-4179-82F5-1EEAEC96E5A9}.AppStore|iPhone.Build.0 = Debug|Any CPU
		{34A7792B-0CE8-4179-82F5-1EEAEC96E5A9}.AppStore|iPhoneSimulator.ActiveCfg = Release|Any CPU
		{34A7792B-0CE8-4179-82F5-1EEAEC96E5A9}.AppStore|x86.ActiveCfg = Release|Any CPU
		{34A7792B-0CE8-4179-82F5-1EEAEC96E5A9}.Debug|Any CPU.ActiveCfg = Debug|Any CPU
		{34A7792B-0CE8-4179-82F5-1EEAEC96E5A9}.Debug|Any CPU.Build.0 = Debug|Any CPU
		{34A7792B-0CE8-4179-82F5-1EEAEC96E5A9}.Debug|Any CPU.Deploy.0 = Debug|Any CPU
		{34A7792B-0CE8-4179-82F5-1EEAEC96E5A9}.Debug|ARM.ActiveCfg = Debug|Any CPU
		{34A7792B-0CE8-4179-82F5-1EEAEC96E5A9}.Debug|iPhone.ActiveCfg = Debug|Any CPU
		{34A7792B-0CE8-4179-82F5-1EEAEC96E5A9}.Debug|iPhone.Build.0 = Debug|Any CPU
		{34A7792B-0CE8-4179-82F5-1EEAEC96E5A9}.Debug|iPhoneSimulator.ActiveCfg = Debug|Any CPU
		{34A7792B-0CE8-4179-82F5-1EEAEC96E5A9}.Debug|iPhoneSimulator.Build.0 = Debug|Any CPU
		{34A7792B-0CE8-4179-82F5-1EEAEC96E5A9}.Debug|x86.ActiveCfg = Debug|Any CPU
		{34A7792B-0CE8-4179-82F5-1EEAEC96E5A9}.Release|Any CPU.ActiveCfg = Release|Any CPU
		{34A7792B-0CE8-4179-82F5-1EEAEC96E5A9}.Release|Any CPU.Build.0 = Release|Any CPU
		{34A7792B-0CE8-4179-82F5-1EEAEC96E5A9}.Release|Any CPU.Deploy.0 = Release|Any CPU
		{34A7792B-0CE8-4179-82F5-1EEAEC96E5A9}.Release|ARM.ActiveCfg = Release|Any CPU
		{34A7792B-0CE8-4179-82F5-1EEAEC96E5A9}.Release|iPhone.ActiveCfg = Release|Any CPU
		{34A7792B-0CE8-4179-82F5-1EEAEC96E5A9}.Release|iPhone.Build.0 = Release|Any CPU
		{34A7792B-0CE8-4179-82F5-1EEAEC96E5A9}.Release|iPhoneSimulator.ActiveCfg = Release|Any CPU
		{34A7792B-0CE8-4179-82F5-1EEAEC96E5A9}.Release|iPhoneSimulator.Build.0 = Release|Any CPU
		{34A7792B-0CE8-4179-82F5-1EEAEC96E5A9}.Release|x86.ActiveCfg = Release|Any CPU
		{2B6A4B5E-A240-4977-BAAC-7FCD9CB8B402}.Ad-Hoc|Any CPU.ActiveCfg = Release|Any CPU
		{2B6A4B5E-A240-4977-BAAC-7FCD9CB8B402}.Ad-Hoc|Any CPU.Build.0 = Release|Any CPU
		{2B6A4B5E-A240-4977-BAAC-7FCD9CB8B402}.Ad-Hoc|Any CPU.Deploy.0 = Release|Any CPU
		{2B6A4B5E-A240-4977-BAAC-7FCD9CB8B402}.Ad-Hoc|ARM.ActiveCfg = Release|ARM
		{2B6A4B5E-A240-4977-BAAC-7FCD9CB8B402}.Ad-Hoc|ARM.Build.0 = Release|ARM
		{2B6A4B5E-A240-4977-BAAC-7FCD9CB8B402}.Ad-Hoc|ARM.Deploy.0 = Release|ARM
		{2B6A4B5E-A240-4977-BAAC-7FCD9CB8B402}.Ad-Hoc|iPhone.ActiveCfg = Release|Any CPU
		{2B6A4B5E-A240-4977-BAAC-7FCD9CB8B402}.Ad-Hoc|iPhoneSimulator.ActiveCfg = Release|Any CPU
		{2B6A4B5E-A240-4977-BAAC-7FCD9CB8B402}.Ad-Hoc|x86.ActiveCfg = Release|x86
		{2B6A4B5E-A240-4977-BAAC-7FCD9CB8B402}.Ad-Hoc|x86.Build.0 = Release|x86
		{2B6A4B5E-A240-4977-BAAC-7FCD9CB8B402}.Ad-Hoc|x86.Deploy.0 = Release|x86
		{2B6A4B5E-A240-4977-BAAC-7FCD9CB8B402}.AppStore|Any CPU.ActiveCfg = Release|Any CPU
		{2B6A4B5E-A240-4977-BAAC-7FCD9CB8B402}.AppStore|Any CPU.Build.0 = Release|Any CPU
		{2B6A4B5E-A240-4977-BAAC-7FCD9CB8B402}.AppStore|Any CPU.Deploy.0 = Release|Any CPU
		{2B6A4B5E-A240-4977-BAAC-7FCD9CB8B402}.AppStore|ARM.ActiveCfg = Release|ARM
		{2B6A4B5E-A240-4977-BAAC-7FCD9CB8B402}.AppStore|ARM.Build.0 = Release|ARM
		{2B6A4B5E-A240-4977-BAAC-7FCD9CB8B402}.AppStore|ARM.Deploy.0 = Release|ARM
		{2B6A4B5E-A240-4977-BAAC-7FCD9CB8B402}.AppStore|iPhone.ActiveCfg = Release|Any CPU
		{2B6A4B5E-A240-4977-BAAC-7FCD9CB8B402}.AppStore|iPhoneSimulator.ActiveCfg = Release|Any CPU
		{2B6A4B5E-A240-4977-BAAC-7FCD9CB8B402}.AppStore|x86.ActiveCfg = Release|x86
		{2B6A4B5E-A240-4977-BAAC-7FCD9CB8B402}.AppStore|x86.Build.0 = Release|x86
		{2B6A4B5E-A240-4977-BAAC-7FCD9CB8B402}.AppStore|x86.Deploy.0 = Release|x86
		{2B6A4B5E-A240-4977-BAAC-7FCD9CB8B402}.Debug|Any CPU.ActiveCfg = Debug|Any CPU
		{2B6A4B5E-A240-4977-BAAC-7FCD9CB8B402}.Debug|Any CPU.Build.0 = Debug|Any CPU
		{2B6A4B5E-A240-4977-BAAC-7FCD9CB8B402}.Debug|Any CPU.Deploy.0 = Debug|Any CPU
		{2B6A4B5E-A240-4977-BAAC-7FCD9CB8B402}.Debug|ARM.ActiveCfg = Debug|ARM
		{2B6A4B5E-A240-4977-BAAC-7FCD9CB8B402}.Debug|ARM.Build.0 = Debug|ARM
		{2B6A4B5E-A240-4977-BAAC-7FCD9CB8B402}.Debug|ARM.Deploy.0 = Debug|ARM
		{2B6A4B5E-A240-4977-BAAC-7FCD9CB8B402}.Debug|iPhone.ActiveCfg = Debug|Any CPU
		{2B6A4B5E-A240-4977-BAAC-7FCD9CB8B402}.Debug|iPhoneSimulator.ActiveCfg = Debug|Any CPU
		{2B6A4B5E-A240-4977-BAAC-7FCD9CB8B402}.Debug|x86.ActiveCfg = Debug|x86
		{2B6A4B5E-A240-4977-BAAC-7FCD9CB8B402}.Debug|x86.Build.0 = Debug|x86
		{2B6A4B5E-A240-4977-BAAC-7FCD9CB8B402}.Debug|x86.Deploy.0 = Debug|x86
		{2B6A4B5E-A240-4977-BAAC-7FCD9CB8B402}.Release|Any CPU.ActiveCfg = Release|Any CPU
		{2B6A4B5E-A240-4977-BAAC-7FCD9CB8B402}.Release|Any CPU.Build.0 = Release|Any CPU
		{2B6A4B5E-A240-4977-BAAC-7FCD9CB8B402}.Release|Any CPU.Deploy.0 = Release|Any CPU
		{2B6A4B5E-A240-4977-BAAC-7FCD9CB8B402}.Release|ARM.ActiveCfg = Release|ARM
		{2B6A4B5E-A240-4977-BAAC-7FCD9CB8B402}.Release|ARM.Build.0 = Release|ARM
		{2B6A4B5E-A240-4977-BAAC-7FCD9CB8B402}.Release|ARM.Deploy.0 = Release|ARM
		{2B6A4B5E-A240-4977-BAAC-7FCD9CB8B402}.Release|iPhone.ActiveCfg = Release|Any CPU
		{2B6A4B5E-A240-4977-BAAC-7FCD9CB8B402}.Release|iPhoneSimulator.ActiveCfg = Release|Any CPU
		{2B6A4B5E-A240-4977-BAAC-7FCD9CB8B402}.Release|x86.ActiveCfg = Release|x86
		{2B6A4B5E-A240-4977-BAAC-7FCD9CB8B402}.Release|x86.Build.0 = Release|x86
		{2B6A4B5E-A240-4977-BAAC-7FCD9CB8B402}.Release|x86.Deploy.0 = Release|x86
	EndGlobalSection
	GlobalSection(SolutionProperties) = preSolution
		HideSolutionNode = FALSE
	EndGlobalSection
	GlobalSection(MonoDevelopProperties) = preSolution
		StartupItem = iOS\HelloGrid.iOS.csproj
	EndGlobalSection
EndGlobal
