
Microsoft Visual Studio Solution File, Format Version 12.00
# Visual Studio 2013
VisualStudioVersion = 12.0.30723.0
MinimumVisualStudioVersion = 10.0.40219.1
Project("{2150E333-8FDC-42A3-9474-1A3956D46DE8}") = ".paket", ".paket", "{184CA7E3-EE59-4A7E-828F-ECDECE287CB2}"
	ProjectSection(SolutionItems) = preProject
		..\..\..\paket.dependencies = ..\..\..\paket.dependencies
	EndProjectSection
EndProject
Project("{FAE04EC0-301F-11D3-BF4B-00C04F79EFBC}") = "PhotoViewer", "PhotoViewer.csproj", "{17938A28-6703-47CE-A6BB-F058D8BFB63A}"
EndProject
Global
	GlobalSection(SolutionConfigurationPlatforms) = preSolution
		Debug|Any CPU = Debug|Any CPU
		Release|Any CPU = Release|Any CPU
	EndGlobalSection
	GlobalSection(ProjectConfigurationPlatforms) = postSolution
		{17938A28-6703-47CE-A6BB-F058D8BFB63A}.Debug|Any CPU.ActiveCfg = Debug|Any CPU
		{17938A28-6703-47CE-A6BB-F058D8BFB63A}.Debug|Any CPU.Build.0 = Debug|Any CPU
		{17938A28-6703-47CE-A6BB-F058D8BFB63A}.Release|Any CPU.ActiveCfg = Release|Any CPU
		{17938A28-6703-47CE-A6BB-F058D8BFB63A}.Release|Any CPU.Build.0 = Release|Any CPU
	EndGlobalSection
	GlobalSection(SolutionProperties) = preSolution
		HideSolutionNode = FALSE
	EndGlobalSection
EndGlobal
